
Microsoft Visual Studio Solution File, Format Version 12.00
# Visual Studio 15
VisualStudioVersion = 15.0.27428.2043
MinimumVisualStudioVersion = 10.0.40219.1
Project("{FAE04EC0-301F-11D3-BF4B-00C04F79EFBC}") = "MergeSort", "MergeSort\MergeSort.csproj", "{6AA3DE8F-9342-41F4-BBA3-20A831733042}"
EndProject
Project("{FAE04EC0-301F-11D3-BF4B-00C04F79EFBC}") = "FastSort", "FastSort\FastSort.csproj", "{5CB07DBE-310A-4FDB-99A1-094106517E47}"
EndProject
Project("{FAE04EC0-301F-11D3-BF4B-00C04F79EFBC}") = "LinkedList", "OneLinkedList\LinkedList.csproj", "{B7F8D82B-1470-43F2-A45F-09C156FE454B}"
EndProject
Project("{FAE04EC0-301F-11D3-BF4B-00C04F79EFBC}") = "TestYield", "TestYield\TestYield.csproj", "{3C6444DF-163E-4CF7-B454-E1BC8BC41082}"
EndProject
Project("{2150E333-8FDC-42A3-9474-1A3956D46DE8}") = "Algorithms", "Algorithms", "{6E6EB074-3034-4BA4-83E7-F65D728BB208}"
EndProject
Project("{2150E333-8FDC-42A3-9474-1A3956D46DE8}") = "Sort", "Sort", "{97EC90C2-7250-4CDC-9386-A808158BBBBF}"
EndProject
Project("{2150E333-8FDC-42A3-9474-1A3956D46DE8}") = "Training", "Training", "{036AEE51-E5BF-42B9-915D-502E479A2789}"
EndProject
Project("{2150E333-8FDC-42A3-9474-1A3956D46DE8}") = "Structures", "Structures", "{7F9C6807-15DB-47A8-A9AA-CE59FCAB37D5}"
EndProject
Project("{2150E333-8FDC-42A3-9474-1A3956D46DE8}") = "Patterns", "Patterns", "{C651DA88-D9B6-4F9A-A8FB-964F39083ECF}"
EndProject
Project("{FAE04EC0-301F-11D3-BF4B-00C04F79EFBC}") = "BubbleSort", "BubleSort\BubbleSort.csproj", "{4CD9FA9A-A4F2-4B13-ABCB-B045A132780B}"
EndProject
Project("{FAE04EC0-301F-11D3-BF4B-00C04F79EFBC}") = "SelectionSort", "SelectionSort\SelectionSort.csproj", "{A42DFBF1-0807-4170-B758-796D4ADC607A}"
EndProject
Project("{FAE04EC0-301F-11D3-BF4B-00C04F79EFBC}") = "InsertionSort", "InsertionSort\InsertionSort.csproj", "{C38B3123-4936-4E91-B4A3-0876F2259440}"
EndProject
Project("{2150E333-8FDC-42A3-9474-1A3956D46DE8}") = "Search", "Search", "{D3D8D954-7C68-4729-AABC-BD5EE8A87001}"
EndProject
Project("{FAE04EC0-301F-11D3-BF4B-00C04F79EFBC}") = "LinearSearch", "LinearSearch\LinearSearch.csproj", "{3142AC47-7424-4E5F-BA19-3305673E078F}"
EndProject
Project("{FAE04EC0-301F-11D3-BF4B-00C04F79EFBC}") = "BinarySearch", "BinarySearch\BinarySearch.csproj", "{D923B528-8EAF-4C46-AD1D-C8D905009E6B}"
EndProject
Project("{FAE04EC0-301F-11D3-BF4B-00C04F79EFBC}") = "StringReverseV1", "StringReverseV1\StringReverseV1.csproj", "{720F34FD-F219-480F-B609-4D634DB1F458}"
EndProject
Project("{2150E333-8FDC-42A3-9474-1A3956D46DE8}") = "StringReverse", "StringReverse", "{32253C75-753C-4C1B-A6AF-3B8EB1F6A6C2}"
EndProject
Project("{FAE04EC0-301F-11D3-BF4B-00C04F79EFBC}") = "StringReverseV2", "StringReverseV2\StringReverseV2.csproj", "{AA09589D-69DB-4C63-8316-1EAFE6B231DF}"
EndProject
Project("{FAE04EC0-301F-11D3-BF4B-00C04F79EFBC}") = "FactorialRecursive", "Factorial\FactorialRecursive.csproj", "{75F94908-A642-47E6-A511-433B91FFDF39}"
EndProject
Project("{2150E333-8FDC-42A3-9474-1A3956D46DE8}") = "Factorial", "Factorial", "{87A3D5CC-93A0-4815-A7D0-11BE3669624A}"
EndProject
Project("{FAE04EC0-301F-11D3-BF4B-00C04F79EFBC}") = "FactorialIterative", "FactorialIterative\FactorialIterative.csproj", "{92C68A00-4333-4CD2-B86D-876813B83A63}"
EndProject
Project("{FAE04EC0-301F-11D3-BF4B-00C04F79EFBC}") = "FibonacciIterative", "Fibonacci\FibonacciIterative.csproj", "{B4CC4743-9D78-4D5E-AA98-ED6BB94E3092}"
EndProject
Project("{2150E333-8FDC-42A3-9474-1A3956D46DE8}") = "Fibonacci", "Fibonacci", "{565546B4-E5F3-4329-851B-B10C51E8E72C}"
EndProject
Project("{FAE04EC0-301F-11D3-BF4B-00C04F79EFBC}") = "FibonacciRecursive", "FibonacciRecursive\FibonacciRecursive.csproj", "{79FC369B-EBFF-4BDF-B233-C0E0318211F5}"
EndProject
Project("{2150E333-8FDC-42A3-9474-1A3956D46DE8}") = "CaesarCipher", "CaesarCipher", "{62C8DA06-69EC-406E-81F5-16118957166E}"
EndProject
Project("{FAE04EC0-301F-11D3-BF4B-00C04F79EFBC}") = "CaesarCipher", "CaesarCypher\CaesarCipher.csproj", "{18859420-5C1B-4B27-B931-E463F951A61E}"
EndProject
Project("{2150E333-8FDC-42A3-9474-1A3956D46DE8}") = "LinkedList", "LinkedList", "{7442ED9A-D283-429C-92F7-7BEAD1FA68E5}"
EndProject
Project("{2150E333-8FDC-42A3-9474-1A3956D46DE8}") = "DoublyLinkedList", "DoublyLinkedList", "{AB7DDC45-3853-48DE-A95B-7CBE6DA70588}"
EndProject
Project("{FAE04EC0-301F-11D3-BF4B-00C04F79EFBC}") = "DoublyLinkedList", "DoublyLinkedList\DoublyLinkedList.csproj", "{2192898E-950E-4FE3-AB5B-2D60AB0CD0CE}"
EndProject
Project("{2150E333-8FDC-42A3-9474-1A3956D46DE8}") = "StackBaseOnArray", "StackBaseOnArray", "{99D9C7B6-6655-47F6-9F3B-D8F638F7F4E2}"
EndProject
Project("{FAE04EC0-301F-11D3-BF4B-00C04F79EFBC}") = "Stack(Array)", "Stack(Array)\Stack(Array).csproj", "{281EBC60-8053-42A0-B8CB-4AC3596B9703}"
EndProject
Project("{2150E333-8FDC-42A3-9474-1A3956D46DE8}") = "StackBaseOnLinkedList", "StackBaseOnLinkedList", "{F0FBEACD-EE2D-4EFD-BAFC-8257A31D310D}"
EndProject
Project("{FAE04EC0-301F-11D3-BF4B-00C04F79EFBC}") = "Stack(LinkedList)", "Stack(LinkedList)\Stack(LinkedList).csproj", "{915BA698-6023-4801-A54F-64F847C5BDB5}"
EndProject
Project("{2150E333-8FDC-42A3-9474-1A3956D46DE8}") = "Queue", "Queue", "{795745EF-5842-4B97-B728-79A867D4F16B}"
EndProject
Project("{FAE04EC0-301F-11D3-BF4B-00C04F79EFBC}") = "Queue", "Queue\Queue.csproj", "{87E51934-00CF-4F0F-B617-B5D965E9C421}"
EndProject
Project("{2150E333-8FDC-42A3-9474-1A3956D46DE8}") = "Dijkstra", "Dijkstra", "{1C7C7A22-31ED-4651-9818-ECE7E3FB0C64}"
EndProject
Project("{FAE04EC0-301F-11D3-BF4B-00C04F79EFBC}") = "Dijkstra", "Dijkstra\Dijkstra.csproj", "{C60C53BE-AC3F-440B-BDC6-317F30E13BEA}"
EndProject
Project("{2150E333-8FDC-42A3-9474-1A3956D46DE8}") = "HashTable", "HashTable", "{8A18BC77-A5E8-46B2-A3BA-F1FA1521480E}"
EndProject
Project("{FAE04EC0-301F-11D3-BF4B-00C04F79EFBC}") = "HashTable", "HashTable\HashTable.csproj", "{A45E7610-587C-47DE-BE19-6C054886FFA0}"
EndProject
Project("{2150E333-8FDC-42A3-9474-1A3956D46DE8}") = "Creational", "Creational", "{B4943698-9271-4317-B915-E9D87A1EB53B}"
EndProject
Project("{2150E333-8FDC-42A3-9474-1A3956D46DE8}") = "Factory Method", "Factory Method", "{E22BED0B-EF76-4F9C-9D17-78372C6DBA6D}"
EndProject
Project("{FAE04EC0-301F-11D3-BF4B-00C04F79EFBC}") = "Factory Method", "Factory Method\Factory Method.csproj", "{F16673A3-5289-4BE5-95B7-2D6ADF696013}"
EndProject
Project("{2150E333-8FDC-42A3-9474-1A3956D46DE8}") = "Abstract Factory", "Abstract Factory", "{E5023317-44EB-489B-9F67-4A2E73C75274}"
EndProject
Project("{FAE04EC0-301F-11D3-BF4B-00C04F79EFBC}") = "Abstract Factory", "Abstract Factory\Abstract Factory.csproj", "{385E3133-F6AF-4F08-ABF3-2A344EBA2D9E}"
EndProject
Project("{2150E333-8FDC-42A3-9474-1A3956D46DE8}") = "Singleton", "Singleton", "{5D5EDC60-FC39-43E6-862A-1EACA4BD3FDF}"
EndProject
Project("{FAE04EC0-301F-11D3-BF4B-00C04F79EFBC}") = "Singleton", "Singleton\Singleton.csproj", "{847ED06E-61A0-4A20-AABE-A50B366954D0}"
EndProject
Project("{FAE04EC0-301F-11D3-BF4B-00C04F79EFBC}") = "Singleton2", "Singleton2\Singleton2.csproj", "{ECEA594F-6DAD-4AC3-824F-A9EF2075F3FA}"
EndProject
Project("{FAE04EC0-301F-11D3-BF4B-00C04F79EFBC}") = "MultiThreadSingleton", "MultiThreadSingleton\MultiThreadSingleton.csproj", "{A05808A8-9F1B-45F8-A82D-1A5A05571AFF}"
EndProject
Project("{2150E333-8FDC-42A3-9474-1A3956D46DE8}") = "Prototype", "Prototype", "{86284581-CFB4-4BE4-9B24-A584FCF65746}"
EndProject
Project("{FAE04EC0-301F-11D3-BF4B-00C04F79EFBC}") = "Prototype", "Prototype\Prototype.csproj", "{25483FC9-9F06-45FD-A58C-1AF862E384B9}"
EndProject
Project("{2150E333-8FDC-42A3-9474-1A3956D46DE8}") = "Builder", "Builder", "{93BEA84A-0E3A-46E6-BAEE-EDA57AE421C1}"
EndProject
Project("{FAE04EC0-301F-11D3-BF4B-00C04F79EFBC}") = "Builder", "Builder\Builder.csproj", "{5A4D672D-8DC1-485E-ACAF-CF9706D42F04}"
EndProject
Project("{FAE04EC0-301F-11D3-BF4B-00C04F79EFBC}") = "TestBit32", "TestBit32\TestBit32.csproj", "{82B478C4-A93F-4F5A-86A8-A96D9ABBA6D9}"
EndProject
Project("{2150E333-8FDC-42A3-9474-1A3956D46DE8}") = "Different", "Different", "{3DEC4592-D5A5-4A6C-B622-BC68A4DE10A4}"
EndProject
Project("{2150E333-8FDC-42A3-9474-1A3956D46DE8}") = "Covariance, contravariance", "Covariance, contravariance", "{EE97F10D-6ADF-41CB-A677-F094E171714B}"
EndProject
Project("{2150E333-8FDC-42A3-9474-1A3956D46DE8}") = "Clock", "Clock", "{4A1CFC81-8060-45E1-8574-BF4FBFD635F5}"
EndProject
Project("{2150E333-8FDC-42A3-9474-1A3956D46DE8}") = "Asterisks", "Asterisks", "{2106A8F3-6B56-4233-BBC1-A4A4D7BD20F4}"
EndProject
Project("{FAE04EC0-301F-11D3-BF4B-00C04F79EFBC}") = "Asterisks", "Asterisks\Asterisks.csproj", "{1521164F-02AF-4E20-AA8C-0E133525683B}"
EndProject
Project("{FAE04EC0-301F-11D3-BF4B-00C04F79EFBC}") = "Clock", "Clock\Clock.csproj", "{04C6DD17-C18A-45D5-84CC-F2E867A8AB12}"
EndProject
Project("{2150E333-8FDC-42A3-9474-1A3956D46DE8}") = "WithoutIntermediaries", "WithoutIntermediaries", "{39018CC3-7C2B-47AB-AF45-A928F16A0307}"
EndProject
Project("{FAE04EC0-301F-11D3-BF4B-00C04F79EFBC}") = "WithoutIntermediaries", "WithoutIntermediaries\WithoutIntermediaries.csproj", "{4F34165A-F7C7-436A-9BC5-5F592890F57A}"
EndProject
Project("{2150E333-8FDC-42A3-9474-1A3956D46DE8}") = "FirstLettersToUpperCase", "FirstLettersToUpperCase", "{F335DF4D-51AF-41ED-AC09-D3FEEEF8DE93}"
EndProject
Project("{FAE04EC0-301F-11D3-BF4B-00C04F79EFBC}") = "FirstLettersToUpperCase", "FirstLettersToUpperCase\FirstLettersToUpperCase.csproj", "{CE67A031-7945-496B-BB70-7574C258CF7D}"
EndProject
Project("{2150E333-8FDC-42A3-9474-1A3956D46DE8}") = "Closure", "Closure", "{060699CF-6DE4-43EF-9233-8F38C93508AA}"
EndProject
Project("{FAE04EC0-301F-11D3-BF4B-00C04F79EFBC}") = "Closure1", "Closure\Closure1.csproj", "{E33D1531-E981-449C-B407-6168C23942DA}"
EndProject
Project("{2150E333-8FDC-42A3-9474-1A3956D46DE8}") = "BinaryTree", "BinaryTree", "{EFDCDDBE-88DB-4698-A376-3504AFB9E384}"
EndProject
Project("{FAE04EC0-301F-11D3-BF4B-00C04F79EFBC}") = "BinaryTree", "BinaryTree\BinaryTree.csproj", "{BE0FBAFD-33D6-4C4D-A8AC-D6964EC7533D}"
EndProject
Project("{FAE04EC0-301F-11D3-BF4B-00C04F79EFBC}") = "Covariance", "CovarianceTest\Covariance.csproj", "{E342FF40-908A-4298-AAB2-8FB10522CE04}"
EndProject
Project("{FAE04EC0-301F-11D3-BF4B-00C04F79EFBC}") = "Contravariance", "Contravariance\Contravariance.csproj", "{7262A1A8-7DAF-4A5F-B62B-10AE2530436F}"
EndProject
Project("{2150E333-8FDC-42A3-9474-1A3956D46DE8}") = "Attributes", "Attributes", "{F780FE95-F5C4-44BE-88E6-CC95B14207EB}"
EndProject
Project("{FAE04EC0-301F-11D3-BF4B-00C04F79EFBC}") = "Attribute_v.1", "Attribute_v.1\Attribute_v.1.csproj", "{11344AC6-D5E6-4819-818D-DA0A11C5D1CC}"
EndProject
Project("{FAE04EC0-301F-11D3-BF4B-00C04F79EFBC}") = "TestCollections", "test9\TestCollections.csproj", "{219F92CB-C29E-433A-A4E5-E4531BF5E2AD}"
EndProject
Project("{2150E333-8FDC-42A3-9474-1A3956D46DE8}") = "Behavior", "Behavior", "{1A9F4F88-F149-4640-B903-7D0177B1D38B}"
EndProject
Project("{2150E333-8FDC-42A3-9474-1A3956D46DE8}") = "Strategy", "Strategy", "{2E0D836F-C844-45B1-86C8-2BC72C3B5F64}"
EndProject
Project("{FAE04EC0-301F-11D3-BF4B-00C04F79EFBC}") = "Strategy", "Strategy\Strategy.csproj", "{AF8D8434-EDDE-48AC-A757-30D7CE019F4F}"
EndProject
Project("{2150E333-8FDC-42A3-9474-1A3956D46DE8}") = "Observer", "Observer", "{3D5D5813-35EC-4786-B34B-0D61C645F3DE}"
EndProject
Project("{FAE04EC0-301F-11D3-BF4B-00C04F79EFBC}") = "Observer", "Observer\Observer.csproj", "{66BB7A9D-E9DF-482F-AA0F-EA1066461BB7}"
EndProject
Project("{2150E333-8FDC-42A3-9474-1A3956D46DE8}") = "Command", "Command", "{44ACC2EB-E17B-4F01-AFEF-E6B42893D5B1}"
EndProject
Project("{FAE04EC0-301F-11D3-BF4B-00C04F79EFBC}") = "Command", "Command\Command.csproj", "{DECC5460-E000-466B-B5B3-A8513A11F1E7}"
EndProject
Project("{2150E333-8FDC-42A3-9474-1A3956D46DE8}") = "TemplateMethod", "TemplateMethod", "{7A92B91E-BE67-4AE7-A273-36D5D300DC6C}"
EndProject
Project("{FAE04EC0-301F-11D3-BF4B-00C04F79EFBC}") = "TemplateMethod", "TemplateMethod\TemplateMethod.csproj", "{2D7C20B8-7E3A-44C4-8DD2-F1C8DF742E43}"
EndProject
Project("{2150E333-8FDC-42A3-9474-1A3956D46DE8}") = "Iterator", "Iterator", "{C1106D9A-B2AC-43CB-9E8C-801A8D194BD1}"
EndProject
Project("{FAE04EC0-301F-11D3-BF4B-00C04F79EFBC}") = "Iterator", "Iterator\Iterator.csproj", "{9CD31D6A-9120-4595-B81C-314FDFD6A580}"
EndProject
Project("{FAE04EC0-301F-11D3-BF4B-00C04F79EFBC}") = "TestDelegatePredicate", "TrainingList\TestDelegatePredicate.csproj", "{412C4A39-7C5E-42E0-896F-897D7AE2DA5C}"
EndProject
Project("{FAE04EC0-301F-11D3-BF4B-00C04F79EFBC}") = "Iterator2", "Iterator2\Iterator2.csproj", "{4C78169C-5DE3-4CE8-A221-C368206184A4}"
EndProject
Project("{FAE04EC0-301F-11D3-BF4B-00C04F79EFBC}") = "Contravariance2", "Contravariance2\Contravariance2.csproj", "{A8C90E71-FE0E-44F3-8562-2417B3572A96}"
EndProject
Project("{FAE04EC0-301F-11D3-BF4B-00C04F79EFBC}") = "Covariance2", "Covariance2\Covariance2.csproj", "{72C9D759-C7E4-45A2-A645-ACED4527E46A}"
EndProject
Project("{FAE04EC0-301F-11D3-BF4B-00C04F79EFBC}") = "DelegatePredicate", "DelegatePredicate\DelegatePredicate.csproj", "{747238F3-F732-4ECE-B6DE-E4951D6CF9FC}"
EndProject
Project("{2150E333-8FDC-42A3-9474-1A3956D46DE8}") = "DelegatePredicate", "DelegatePredicate", "{98915ED3-4FBB-4B56-92D3-0B1DF8F27545}"
EndProject
Project("{2150E333-8FDC-42A3-9474-1A3956D46DE8}") = "Interfaces", "Interfaces", "{BF4771A6-3909-4033-81F5-12D85437F8AE}"
EndProject
Project("{2150E333-8FDC-42A3-9474-1A3956D46DE8}") = "Delegates", "Delegates", "{F6F3FE75-D48D-4663-9907-33AF4629D7BC}"
EndProject
Project("{2150E333-8FDC-42A3-9474-1A3956D46DE8}") = "Generic", "Generic", "{3C1A316F-E24E-4BAF-B3AF-1A28D4D5451C}"
EndProject
Project("{2150E333-8FDC-42A3-9474-1A3956D46DE8}") = "Simple", "Simple", "{7A075BA1-A0EF-4339-AC7C-C6242706CA16}"
EndProject
Project("{FAE04EC0-301F-11D3-BF4B-00C04F79EFBC}") = "CovarianceDel", "CovarianceDel\CovarianceDel.csproj", "{1CC6C62A-BC83-4D37-B6D1-3516421A9B80}"
EndProject
Project("{FAE04EC0-301F-11D3-BF4B-00C04F79EFBC}") = "ContravarianceDel", "ContravarianceDel\ContravarianceDel.csproj", "{ABAAFDAA-E8A3-49A4-942D-F9215BD52948}"
EndProject
Project("{FAE04EC0-301F-11D3-BF4B-00C04F79EFBC}") = "CovarianceGenericDel", "CovarianceGenericDel\CovarianceGenericDel.csproj", "{57C80473-5636-4784-A33B-D0BDF04ED70F}"
EndProject
Project("{FAE04EC0-301F-11D3-BF4B-00C04F79EFBC}") = "ContravarianceGenericDel", "ContravarianceGenericDel\ContravarianceGenericDel.csproj", "{BF67CAA8-E54C-454D-9423-C0D60D36D012}"
EndProject
Project("{2150E333-8FDC-42A3-9474-1A3956D46DE8}") = "State", "State", "{B6D26A62-ABCC-4C7D-895B-E8062EAD453A}"
EndProject
Project("{FAE04EC0-301F-11D3-BF4B-00C04F79EFBC}") = "State", "State\State.csproj", "{3FD02E77-9C7E-4B15-8560-CBF8B0349715}"
EndProject
Project("{2150E333-8FDC-42A3-9474-1A3956D46DE8}") = "EnumFlags", "EnumFlags", "{99424752-5552-492E-9055-73AA45372977}"
EndProject
Project("{FAE04EC0-301F-11D3-BF4B-00C04F79EFBC}") = "EnumFlags", "EnumFlags\EnumFlags.csproj", "{FBDB2234-6F03-478E-A8D5-99576D46F404}"
EndProject
Project("{2150E333-8FDC-42A3-9474-1A3956D46DE8}") = "LambdaFunctions", "LambdaFunctions", "{820FA29D-F4AB-4166-A9E3-EE4358E756CF}"
EndProject
Project("{FAE04EC0-301F-11D3-BF4B-00C04F79EFBC}") = "LambdaFunctions", "LambdaFunctions\LambdaFunctions.csproj", "{5C4B5AEB-E73C-4A82-9F6E-03643A9FFA9C}"
EndProject
Project("{2150E333-8FDC-42A3-9474-1A3956D46DE8}") = "CapitalLetters", "CapitalLetters", "{E04114CD-9178-4246-9ED9-D3013727B517}"
EndProject
Project("{FAE04EC0-301F-11D3-BF4B-00C04F79EFBC}") = "CapitalLetters", "CapitalLetters\CapitalLetters.csproj", "{1EF9EA1D-A479-4622-96DA-FA5EE2234141}"
EndProject
Project("{2150E333-8FDC-42A3-9474-1A3956D46DE8}") = "IntersectionOrderedIntegerArrays", "IntersectionOrderedIntegerArrays", "{9B044B9B-A81B-4CAA-BEEC-87F4A00E3723}"
EndProject
Project("{FAE04EC0-301F-11D3-BF4B-00C04F79EFBC}") = "IntersectionOrderedIntegerArrays", "IntersectionOrderedIntegerArrays\IntersectionOrderedIntegerArrays.csproj", "{6101E229-387F-4DDA-978E-713B13CD3B6F}"
EndProject
Project("{FAE04EC0-301F-11D3-BF4B-00C04F79EFBC}") = "Closure2", "Closure2\Closure2.csproj", "{2E48651C-F64A-49C1-9087-5CB05A5379D9}"
EndProject
Project("{FAE04EC0-301F-11D3-BF4B-00C04F79EFBC}") = "TestStructure", "TestStructure\TestStructure.csproj", "{F5E020F5-A625-425D-9A9E-D5491A8FF859}"
EndProject
Project("{2150E333-8FDC-42A3-9474-1A3956D46DE8}") = "ChainResponsibilities", "ChainResponsibilities", "{4C73A870-538B-4334-A485-7CC5E0850B9D}"
EndProject
Project("{FAE04EC0-301F-11D3-BF4B-00C04F79EFBC}") = "ChainResponsibilities", "ChainResponsibilities\ChainResponsibilities.csproj", "{7BF60535-F9F9-46FD-8298-FD3287DCDE47}"
EndProject
Project("{2150E333-8FDC-42A3-9474-1A3956D46DE8}") = "Interpreter", "Interpreter", "{68B8AACC-190F-4EF7-B6B6-C012045225E6}"
EndProject
Project("{FAE04EC0-301F-11D3-BF4B-00C04F79EFBC}") = "Interpreter", "Interpreter\Interpreter.csproj", "{1C12C5B8-9840-40C4-B4AD-F67781FE915C}"
EndProject
Project("{2150E333-8FDC-42A3-9474-1A3956D46DE8}") = "Mediator", "Mediator", "{AA998852-8CDB-4B9A-948E-16A1FB0D3750}"
EndProject
Project("{FAE04EC0-301F-11D3-BF4B-00C04F79EFBC}") = "Mediator", "Mediator\Mediator.csproj", "{15D4CF12-B19B-42C7-B9A1-C0F4E4B98D43}"
EndProject
Project("{FAE04EC0-301F-11D3-BF4B-00C04F79EFBC}") = "TestStack", "TestStack\TestStack.csproj", "{1A9CC6B4-3E08-48E4-9230-5934E756AD58}"
EndProject
Project("{2150E333-8FDC-42A3-9474-1A3956D46DE8}") = "Memento", "Memento", "{D5E8932C-BE1B-4095-AB09-FE014FB01426}"
EndProject
Project("{FAE04EC0-301F-11D3-BF4B-00C04F79EFBC}") = "Memento", "Memento\Memento.csproj", "{4AD213BF-AC1C-402D-A1F0-A4714977EAC8}"
EndProject
Global
	GlobalSection(SolutionConfigurationPlatforms) = preSolution
		Debug|Any CPU = Debug|Any CPU
		Release|Any CPU = Release|Any CPU
	EndGlobalSection
	GlobalSection(ProjectConfigurationPlatforms) = postSolution
		{6AA3DE8F-9342-41F4-BBA3-20A831733042}.Debug|Any CPU.ActiveCfg = Debug|Any CPU
		{6AA3DE8F-9342-41F4-BBA3-20A831733042}.Debug|Any CPU.Build.0 = Debug|Any CPU
		{6AA3DE8F-9342-41F4-BBA3-20A831733042}.Release|Any CPU.ActiveCfg = Release|Any CPU
		{6AA3DE8F-9342-41F4-BBA3-20A831733042}.Release|Any CPU.Build.0 = Release|Any CPU
		{5CB07DBE-310A-4FDB-99A1-094106517E47}.Debug|Any CPU.ActiveCfg = Debug|Any CPU
		{5CB07DBE-310A-4FDB-99A1-094106517E47}.Debug|Any CPU.Build.0 = Debug|Any CPU
		{5CB07DBE-310A-4FDB-99A1-094106517E47}.Release|Any CPU.ActiveCfg = Release|Any CPU
		{5CB07DBE-310A-4FDB-99A1-094106517E47}.Release|Any CPU.Build.0 = Release|Any CPU
		{B7F8D82B-1470-43F2-A45F-09C156FE454B}.Debug|Any CPU.ActiveCfg = Debug|Any CPU
		{B7F8D82B-1470-43F2-A45F-09C156FE454B}.Debug|Any CPU.Build.0 = Debug|Any CPU
		{B7F8D82B-1470-43F2-A45F-09C156FE454B}.Release|Any CPU.ActiveCfg = Release|Any CPU
		{B7F8D82B-1470-43F2-A45F-09C156FE454B}.Release|Any CPU.Build.0 = Release|Any CPU
		{3C6444DF-163E-4CF7-B454-E1BC8BC41082}.Debug|Any CPU.ActiveCfg = Debug|Any CPU
		{3C6444DF-163E-4CF7-B454-E1BC8BC41082}.Debug|Any CPU.Build.0 = Debug|Any CPU
		{3C6444DF-163E-4CF7-B454-E1BC8BC41082}.Release|Any CPU.ActiveCfg = Release|Any CPU
		{3C6444DF-163E-4CF7-B454-E1BC8BC41082}.Release|Any CPU.Build.0 = Release|Any CPU
		{4CD9FA9A-A4F2-4B13-ABCB-B045A132780B}.Debug|Any CPU.ActiveCfg = Debug|Any CPU
		{4CD9FA9A-A4F2-4B13-ABCB-B045A132780B}.Debug|Any CPU.Build.0 = Debug|Any CPU
		{4CD9FA9A-A4F2-4B13-ABCB-B045A132780B}.Release|Any CPU.ActiveCfg = Release|Any CPU
		{4CD9FA9A-A4F2-4B13-ABCB-B045A132780B}.Release|Any CPU.Build.0 = Release|Any CPU
		{A42DFBF1-0807-4170-B758-796D4ADC607A}.Debug|Any CPU.ActiveCfg = Debug|Any CPU
		{A42DFBF1-0807-4170-B758-796D4ADC607A}.Debug|Any CPU.Build.0 = Debug|Any CPU
		{A42DFBF1-0807-4170-B758-796D4ADC607A}.Release|Any CPU.ActiveCfg = Release|Any CPU
		{A42DFBF1-0807-4170-B758-796D4ADC607A}.Release|Any CPU.Build.0 = Release|Any CPU
		{C38B3123-4936-4E91-B4A3-0876F2259440}.Debug|Any CPU.ActiveCfg = Debug|Any CPU
		{C38B3123-4936-4E91-B4A3-0876F2259440}.Debug|Any CPU.Build.0 = Debug|Any CPU
		{C38B3123-4936-4E91-B4A3-0876F2259440}.Release|Any CPU.ActiveCfg = Release|Any CPU
		{C38B3123-4936-4E91-B4A3-0876F2259440}.Release|Any CPU.Build.0 = Release|Any CPU
		{3142AC47-7424-4E5F-BA19-3305673E078F}.Debug|Any CPU.ActiveCfg = Debug|Any CPU
		{3142AC47-7424-4E5F-BA19-3305673E078F}.Debug|Any CPU.Build.0 = Debug|Any CPU
		{3142AC47-7424-4E5F-BA19-3305673E078F}.Release|Any CPU.ActiveCfg = Release|Any CPU
		{3142AC47-7424-4E5F-BA19-3305673E078F}.Release|Any CPU.Build.0 = Release|Any CPU
		{D923B528-8EAF-4C46-AD1D-C8D905009E6B}.Debug|Any CPU.ActiveCfg = Debug|Any CPU
		{D923B528-8EAF-4C46-AD1D-C8D905009E6B}.Debug|Any CPU.Build.0 = Debug|Any CPU
		{D923B528-8EAF-4C46-AD1D-C8D905009E6B}.Release|Any CPU.ActiveCfg = Release|Any CPU
		{D923B528-8EAF-4C46-AD1D-C8D905009E6B}.Release|Any CPU.Build.0 = Release|Any CPU
		{720F34FD-F219-480F-B609-4D634DB1F458}.Debug|Any CPU.ActiveCfg = Debug|Any CPU
		{720F34FD-F219-480F-B609-4D634DB1F458}.Debug|Any CPU.Build.0 = Debug|Any CPU
		{720F34FD-F219-480F-B609-4D634DB1F458}.Release|Any CPU.ActiveCfg = Release|Any CPU
		{720F34FD-F219-480F-B609-4D634DB1F458}.Release|Any CPU.Build.0 = Release|Any CPU
		{AA09589D-69DB-4C63-8316-1EAFE6B231DF}.Debug|Any CPU.ActiveCfg = Debug|Any CPU
		{AA09589D-69DB-4C63-8316-1EAFE6B231DF}.Debug|Any CPU.Build.0 = Debug|Any CPU
		{AA09589D-69DB-4C63-8316-1EAFE6B231DF}.Release|Any CPU.ActiveCfg = Release|Any CPU
		{AA09589D-69DB-4C63-8316-1EAFE6B231DF}.Release|Any CPU.Build.0 = Release|Any CPU
		{75F94908-A642-47E6-A511-433B91FFDF39}.Debug|Any CPU.ActiveCfg = Debug|Any CPU
		{75F94908-A642-47E6-A511-433B91FFDF39}.Debug|Any CPU.Build.0 = Debug|Any CPU
		{75F94908-A642-47E6-A511-433B91FFDF39}.Release|Any CPU.ActiveCfg = Release|Any CPU
		{75F94908-A642-47E6-A511-433B91FFDF39}.Release|Any CPU.Build.0 = Release|Any CPU
		{92C68A00-4333-4CD2-B86D-876813B83A63}.Debug|Any CPU.ActiveCfg = Debug|Any CPU
		{92C68A00-4333-4CD2-B86D-876813B83A63}.Debug|Any CPU.Build.0 = Debug|Any CPU
		{92C68A00-4333-4CD2-B86D-876813B83A63}.Release|Any CPU.ActiveCfg = Release|Any CPU
		{92C68A00-4333-4CD2-B86D-876813B83A63}.Release|Any CPU.Build.0 = Release|Any CPU
		{B4CC4743-9D78-4D5E-AA98-ED6BB94E3092}.Debug|Any CPU.ActiveCfg = Debug|Any CPU
		{B4CC4743-9D78-4D5E-AA98-ED6BB94E3092}.Debug|Any CPU.Build.0 = Debug|Any CPU
		{B4CC4743-9D78-4D5E-AA98-ED6BB94E3092}.Release|Any CPU.ActiveCfg = Release|Any CPU
		{B4CC4743-9D78-4D5E-AA98-ED6BB94E3092}.Release|Any CPU.Build.0 = Release|Any CPU
		{79FC369B-EBFF-4BDF-B233-C0E0318211F5}.Debug|Any CPU.ActiveCfg = Debug|Any CPU
		{79FC369B-EBFF-4BDF-B233-C0E0318211F5}.Debug|Any CPU.Build.0 = Debug|Any CPU
		{79FC369B-EBFF-4BDF-B233-C0E0318211F5}.Release|Any CPU.ActiveCfg = Release|Any CPU
		{79FC369B-EBFF-4BDF-B233-C0E0318211F5}.Release|Any CPU.Build.0 = Release|Any CPU
		{18859420-5C1B-4B27-B931-E463F951A61E}.Debug|Any CPU.ActiveCfg = Debug|Any CPU
		{18859420-5C1B-4B27-B931-E463F951A61E}.Debug|Any CPU.Build.0 = Debug|Any CPU
		{18859420-5C1B-4B27-B931-E463F951A61E}.Release|Any CPU.ActiveCfg = Release|Any CPU
		{18859420-5C1B-4B27-B931-E463F951A61E}.Release|Any CPU.Build.0 = Release|Any CPU
		{2192898E-950E-4FE3-AB5B-2D60AB0CD0CE}.Debug|Any CPU.ActiveCfg = Debug|Any CPU
		{2192898E-950E-4FE3-AB5B-2D60AB0CD0CE}.Debug|Any CPU.Build.0 = Debug|Any CPU
		{2192898E-950E-4FE3-AB5B-2D60AB0CD0CE}.Release|Any CPU.ActiveCfg = Release|Any CPU
		{2192898E-950E-4FE3-AB5B-2D60AB0CD0CE}.Release|Any CPU.Build.0 = Release|Any CPU
		{281EBC60-8053-42A0-B8CB-4AC3596B9703}.Debug|Any CPU.ActiveCfg = Debug|Any CPU
		{281EBC60-8053-42A0-B8CB-4AC3596B9703}.Debug|Any CPU.Build.0 = Debug|Any CPU
		{281EBC60-8053-42A0-B8CB-4AC3596B9703}.Release|Any CPU.ActiveCfg = Release|Any CPU
		{281EBC60-8053-42A0-B8CB-4AC3596B9703}.Release|Any CPU.Build.0 = Release|Any CPU
		{915BA698-6023-4801-A54F-64F847C5BDB5}.Debug|Any CPU.ActiveCfg = Debug|Any CPU
		{915BA698-6023-4801-A54F-64F847C5BDB5}.Debug|Any CPU.Build.0 = Debug|Any CPU
		{915BA698-6023-4801-A54F-64F847C5BDB5}.Release|Any CPU.ActiveCfg = Release|Any CPU
		{915BA698-6023-4801-A54F-64F847C5BDB5}.Release|Any CPU.Build.0 = Release|Any CPU
		{87E51934-00CF-4F0F-B617-B5D965E9C421}.Debug|Any CPU.ActiveCfg = Debug|Any CPU
		{87E51934-00CF-4F0F-B617-B5D965E9C421}.Debug|Any CPU.Build.0 = Debug|Any CPU
		{87E51934-00CF-4F0F-B617-B5D965E9C421}.Release|Any CPU.ActiveCfg = Release|Any CPU
		{87E51934-00CF-4F0F-B617-B5D965E9C421}.Release|Any CPU.Build.0 = Release|Any CPU
		{C60C53BE-AC3F-440B-BDC6-317F30E13BEA}.Debug|Any CPU.ActiveCfg = Debug|Any CPU
		{C60C53BE-AC3F-440B-BDC6-317F30E13BEA}.Debug|Any CPU.Build.0 = Debug|Any CPU
		{C60C53BE-AC3F-440B-BDC6-317F30E13BEA}.Release|Any CPU.ActiveCfg = Release|Any CPU
		{C60C53BE-AC3F-440B-BDC6-317F30E13BEA}.Release|Any CPU.Build.0 = Release|Any CPU
		{A45E7610-587C-47DE-BE19-6C054886FFA0}.Debug|Any CPU.ActiveCfg = Debug|Any CPU
		{A45E7610-587C-47DE-BE19-6C054886FFA0}.Debug|Any CPU.Build.0 = Debug|Any CPU
		{A45E7610-587C-47DE-BE19-6C054886FFA0}.Release|Any CPU.ActiveCfg = Release|Any CPU
		{A45E7610-587C-47DE-BE19-6C054886FFA0}.Release|Any CPU.Build.0 = Release|Any CPU
		{F16673A3-5289-4BE5-95B7-2D6ADF696013}.Debug|Any CPU.ActiveCfg = Debug|Any CPU
		{F16673A3-5289-4BE5-95B7-2D6ADF696013}.Debug|Any CPU.Build.0 = Debug|Any CPU
		{F16673A3-5289-4BE5-95B7-2D6ADF696013}.Release|Any CPU.ActiveCfg = Release|Any CPU
		{F16673A3-5289-4BE5-95B7-2D6ADF696013}.Release|Any CPU.Build.0 = Release|Any CPU
		{385E3133-F6AF-4F08-ABF3-2A344EBA2D9E}.Debug|Any CPU.ActiveCfg = Debug|Any CPU
		{385E3133-F6AF-4F08-ABF3-2A344EBA2D9E}.Debug|Any CPU.Build.0 = Debug|Any CPU
		{385E3133-F6AF-4F08-ABF3-2A344EBA2D9E}.Release|Any CPU.ActiveCfg = Release|Any CPU
		{385E3133-F6AF-4F08-ABF3-2A344EBA2D9E}.Release|Any CPU.Build.0 = Release|Any CPU
		{847ED06E-61A0-4A20-AABE-A50B366954D0}.Debug|Any CPU.ActiveCfg = Debug|Any CPU
		{847ED06E-61A0-4A20-AABE-A50B366954D0}.Debug|Any CPU.Build.0 = Debug|Any CPU
		{847ED06E-61A0-4A20-AABE-A50B366954D0}.Release|Any CPU.ActiveCfg = Release|Any CPU
		{847ED06E-61A0-4A20-AABE-A50B366954D0}.Release|Any CPU.Build.0 = Release|Any CPU
		{ECEA594F-6DAD-4AC3-824F-A9EF2075F3FA}.Debug|Any CPU.ActiveCfg = Debug|Any CPU
		{ECEA594F-6DAD-4AC3-824F-A9EF2075F3FA}.Debug|Any CPU.Build.0 = Debug|Any CPU
		{ECEA594F-6DAD-4AC3-824F-A9EF2075F3FA}.Release|Any CPU.ActiveCfg = Release|Any CPU
		{ECEA594F-6DAD-4AC3-824F-A9EF2075F3FA}.Release|Any CPU.Build.0 = Release|Any CPU
		{A05808A8-9F1B-45F8-A82D-1A5A05571AFF}.Debug|Any CPU.ActiveCfg = Debug|Any CPU
		{A05808A8-9F1B-45F8-A82D-1A5A05571AFF}.Debug|Any CPU.Build.0 = Debug|Any CPU
		{A05808A8-9F1B-45F8-A82D-1A5A05571AFF}.Release|Any CPU.ActiveCfg = Release|Any CPU
		{A05808A8-9F1B-45F8-A82D-1A5A05571AFF}.Release|Any CPU.Build.0 = Release|Any CPU
		{25483FC9-9F06-45FD-A58C-1AF862E384B9}.Debug|Any CPU.ActiveCfg = Debug|Any CPU
		{25483FC9-9F06-45FD-A58C-1AF862E384B9}.Debug|Any CPU.Build.0 = Debug|Any CPU
		{25483FC9-9F06-45FD-A58C-1AF862E384B9}.Release|Any CPU.ActiveCfg = Release|Any CPU
		{25483FC9-9F06-45FD-A58C-1AF862E384B9}.Release|Any CPU.Build.0 = Release|Any CPU
		{5A4D672D-8DC1-485E-ACAF-CF9706D42F04}.Debug|Any CPU.ActiveCfg = Debug|Any CPU
		{5A4D672D-8DC1-485E-ACAF-CF9706D42F04}.Debug|Any CPU.Build.0 = Debug|Any CPU
		{5A4D672D-8DC1-485E-ACAF-CF9706D42F04}.Release|Any CPU.ActiveCfg = Release|Any CPU
		{5A4D672D-8DC1-485E-ACAF-CF9706D42F04}.Release|Any CPU.Build.0 = Release|Any CPU
		{82B478C4-A93F-4F5A-86A8-A96D9ABBA6D9}.Debug|Any CPU.ActiveCfg = Debug|Any CPU
		{82B478C4-A93F-4F5A-86A8-A96D9ABBA6D9}.Debug|Any CPU.Build.0 = Debug|Any CPU
		{82B478C4-A93F-4F5A-86A8-A96D9ABBA6D9}.Release|Any CPU.ActiveCfg = Release|Any CPU
		{82B478C4-A93F-4F5A-86A8-A96D9ABBA6D9}.Release|Any CPU.Build.0 = Release|Any CPU
		{1521164F-02AF-4E20-AA8C-0E133525683B}.Debug|Any CPU.ActiveCfg = Debug|Any CPU
		{1521164F-02AF-4E20-AA8C-0E133525683B}.Debug|Any CPU.Build.0 = Debug|Any CPU
		{1521164F-02AF-4E20-AA8C-0E133525683B}.Release|Any CPU.ActiveCfg = Release|Any CPU
		{1521164F-02AF-4E20-AA8C-0E133525683B}.Release|Any CPU.Build.0 = Release|Any CPU
		{04C6DD17-C18A-45D5-84CC-F2E867A8AB12}.Debug|Any CPU.ActiveCfg = Debug|Any CPU
		{04C6DD17-C18A-45D5-84CC-F2E867A8AB12}.Debug|Any CPU.Build.0 = Debug|Any CPU
		{04C6DD17-C18A-45D5-84CC-F2E867A8AB12}.Release|Any CPU.ActiveCfg = Release|Any CPU
		{04C6DD17-C18A-45D5-84CC-F2E867A8AB12}.Release|Any CPU.Build.0 = Release|Any CPU
		{4F34165A-F7C7-436A-9BC5-5F592890F57A}.Debug|Any CPU.ActiveCfg = Debug|Any CPU
		{4F34165A-F7C7-436A-9BC5-5F592890F57A}.Debug|Any CPU.Build.0 = Debug|Any CPU
		{4F34165A-F7C7-436A-9BC5-5F592890F57A}.Release|Any CPU.ActiveCfg = Release|Any CPU
		{4F34165A-F7C7-436A-9BC5-5F592890F57A}.Release|Any CPU.Build.0 = Release|Any CPU
		{CE67A031-7945-496B-BB70-7574C258CF7D}.Debug|Any CPU.ActiveCfg = Debug|Any CPU
		{CE67A031-7945-496B-BB70-7574C258CF7D}.Debug|Any CPU.Build.0 = Debug|Any CPU
		{CE67A031-7945-496B-BB70-7574C258CF7D}.Release|Any CPU.ActiveCfg = Release|Any CPU
		{CE67A031-7945-496B-BB70-7574C258CF7D}.Release|Any CPU.Build.0 = Release|Any CPU
		{E33D1531-E981-449C-B407-6168C23942DA}.Debug|Any CPU.ActiveCfg = Debug|Any CPU
		{E33D1531-E981-449C-B407-6168C23942DA}.Debug|Any CPU.Build.0 = Debug|Any CPU
		{E33D1531-E981-449C-B407-6168C23942DA}.Release|Any CPU.ActiveCfg = Release|Any CPU
		{E33D1531-E981-449C-B407-6168C23942DA}.Release|Any CPU.Build.0 = Release|Any CPU
		{BE0FBAFD-33D6-4C4D-A8AC-D6964EC7533D}.Debug|Any CPU.ActiveCfg = Debug|Any CPU
		{BE0FBAFD-33D6-4C4D-A8AC-D6964EC7533D}.Debug|Any CPU.Build.0 = Debug|Any CPU
		{BE0FBAFD-33D6-4C4D-A8AC-D6964EC7533D}.Release|Any CPU.ActiveCfg = Release|Any CPU
		{BE0FBAFD-33D6-4C4D-A8AC-D6964EC7533D}.Release|Any CPU.Build.0 = Release|Any CPU
		{E342FF40-908A-4298-AAB2-8FB10522CE04}.Debug|Any CPU.ActiveCfg = Debug|Any CPU
		{E342FF40-908A-4298-AAB2-8FB10522CE04}.Debug|Any CPU.Build.0 = Debug|Any CPU
		{E342FF40-908A-4298-AAB2-8FB10522CE04}.Release|Any CPU.ActiveCfg = Release|Any CPU
		{E342FF40-908A-4298-AAB2-8FB10522CE04}.Release|Any CPU.Build.0 = Release|Any CPU
		{7262A1A8-7DAF-4A5F-B62B-10AE2530436F}.Debug|Any CPU.ActiveCfg = Debug|Any CPU
		{7262A1A8-7DAF-4A5F-B62B-10AE2530436F}.Debug|Any CPU.Build.0 = Debug|Any CPU
		{7262A1A8-7DAF-4A5F-B62B-10AE2530436F}.Release|Any CPU.ActiveCfg = Release|Any CPU
		{7262A1A8-7DAF-4A5F-B62B-10AE2530436F}.Release|Any CPU.Build.0 = Release|Any CPU
		{11344AC6-D5E6-4819-818D-DA0A11C5D1CC}.Debug|Any CPU.ActiveCfg = Debug|Any CPU
		{11344AC6-D5E6-4819-818D-DA0A11C5D1CC}.Debug|Any CPU.Build.0 = Debug|Any CPU
		{11344AC6-D5E6-4819-818D-DA0A11C5D1CC}.Release|Any CPU.ActiveCfg = Release|Any CPU
		{11344AC6-D5E6-4819-818D-DA0A11C5D1CC}.Release|Any CPU.Build.0 = Release|Any CPU
		{219F92CB-C29E-433A-A4E5-E4531BF5E2AD}.Debug|Any CPU.ActiveCfg = Debug|Any CPU
		{219F92CB-C29E-433A-A4E5-E4531BF5E2AD}.Debug|Any CPU.Build.0 = Debug|Any CPU
		{219F92CB-C29E-433A-A4E5-E4531BF5E2AD}.Release|Any CPU.ActiveCfg = Release|Any CPU
		{219F92CB-C29E-433A-A4E5-E4531BF5E2AD}.Release|Any CPU.Build.0 = Release|Any CPU
		{AF8D8434-EDDE-48AC-A757-30D7CE019F4F}.Debug|Any CPU.ActiveCfg = Debug|Any CPU
		{AF8D8434-EDDE-48AC-A757-30D7CE019F4F}.Debug|Any CPU.Build.0 = Debug|Any CPU
		{AF8D8434-EDDE-48AC-A757-30D7CE019F4F}.Release|Any CPU.ActiveCfg = Release|Any CPU
		{AF8D8434-EDDE-48AC-A757-30D7CE019F4F}.Release|Any CPU.Build.0 = Release|Any CPU
		{66BB7A9D-E9DF-482F-AA0F-EA1066461BB7}.Debug|Any CPU.ActiveCfg = Debug|Any CPU
		{66BB7A9D-E9DF-482F-AA0F-EA1066461BB7}.Debug|Any CPU.Build.0 = Debug|Any CPU
		{66BB7A9D-E9DF-482F-AA0F-EA1066461BB7}.Release|Any CPU.ActiveCfg = Release|Any CPU
		{66BB7A9D-E9DF-482F-AA0F-EA1066461BB7}.Release|Any CPU.Build.0 = Release|Any CPU
		{DECC5460-E000-466B-B5B3-A8513A11F1E7}.Debug|Any CPU.ActiveCfg = Debug|Any CPU
		{DECC5460-E000-466B-B5B3-A8513A11F1E7}.Debug|Any CPU.Build.0 = Debug|Any CPU
		{DECC5460-E000-466B-B5B3-A8513A11F1E7}.Release|Any CPU.ActiveCfg = Release|Any CPU
		{DECC5460-E000-466B-B5B3-A8513A11F1E7}.Release|Any CPU.Build.0 = Release|Any CPU
		{2D7C20B8-7E3A-44C4-8DD2-F1C8DF742E43}.Debug|Any CPU.ActiveCfg = Debug|Any CPU
		{2D7C20B8-7E3A-44C4-8DD2-F1C8DF742E43}.Debug|Any CPU.Build.0 = Debug|Any CPU
		{2D7C20B8-7E3A-44C4-8DD2-F1C8DF742E43}.Release|Any CPU.ActiveCfg = Release|Any CPU
		{2D7C20B8-7E3A-44C4-8DD2-F1C8DF742E43}.Release|Any CPU.Build.0 = Release|Any CPU
		{9CD31D6A-9120-4595-B81C-314FDFD6A580}.Debug|Any CPU.ActiveCfg = Debug|Any CPU
		{9CD31D6A-9120-4595-B81C-314FDFD6A580}.Debug|Any CPU.Build.0 = Debug|Any CPU
		{9CD31D6A-9120-4595-B81C-314FDFD6A580}.Release|Any CPU.ActiveCfg = Release|Any CPU
		{9CD31D6A-9120-4595-B81C-314FDFD6A580}.Release|Any CPU.Build.0 = Release|Any CPU
		{412C4A39-7C5E-42E0-896F-897D7AE2DA5C}.Debug|Any CPU.ActiveCfg = Debug|Any CPU
		{412C4A39-7C5E-42E0-896F-897D7AE2DA5C}.Debug|Any CPU.Build.0 = Debug|Any CPU
		{412C4A39-7C5E-42E0-896F-897D7AE2DA5C}.Release|Any CPU.ActiveCfg = Release|Any CPU
		{412C4A39-7C5E-42E0-896F-897D7AE2DA5C}.Release|Any CPU.Build.0 = Release|Any CPU
		{4C78169C-5DE3-4CE8-A221-C368206184A4}.Debug|Any CPU.ActiveCfg = Debug|Any CPU
		{4C78169C-5DE3-4CE8-A221-C368206184A4}.Debug|Any CPU.Build.0 = Debug|Any CPU
		{4C78169C-5DE3-4CE8-A221-C368206184A4}.Release|Any CPU.ActiveCfg = Release|Any CPU
		{4C78169C-5DE3-4CE8-A221-C368206184A4}.Release|Any CPU.Build.0 = Release|Any CPU
		{A8C90E71-FE0E-44F3-8562-2417B3572A96}.Debug|Any CPU.ActiveCfg = Debug|Any CPU
		{A8C90E71-FE0E-44F3-8562-2417B3572A96}.Debug|Any CPU.Build.0 = Debug|Any CPU
		{A8C90E71-FE0E-44F3-8562-2417B3572A96}.Release|Any CPU.ActiveCfg = Release|Any CPU
		{A8C90E71-FE0E-44F3-8562-2417B3572A96}.Release|Any CPU.Build.0 = Release|Any CPU
		{72C9D759-C7E4-45A2-A645-ACED4527E46A}.Debug|Any CPU.ActiveCfg = Debug|Any CPU
		{72C9D759-C7E4-45A2-A645-ACED4527E46A}.Debug|Any CPU.Build.0 = Debug|Any CPU
		{72C9D759-C7E4-45A2-A645-ACED4527E46A}.Release|Any CPU.ActiveCfg = Release|Any CPU
		{72C9D759-C7E4-45A2-A645-ACED4527E46A}.Release|Any CPU.Build.0 = Release|Any CPU
		{747238F3-F732-4ECE-B6DE-E4951D6CF9FC}.Debug|Any CPU.ActiveCfg = Debug|Any CPU
		{747238F3-F732-4ECE-B6DE-E4951D6CF9FC}.Debug|Any CPU.Build.0 = Debug|Any CPU
		{747238F3-F732-4ECE-B6DE-E4951D6CF9FC}.Release|Any CPU.ActiveCfg = Release|Any CPU
		{747238F3-F732-4ECE-B6DE-E4951D6CF9FC}.Release|Any CPU.Build.0 = Release|Any CPU
		{1CC6C62A-BC83-4D37-B6D1-3516421A9B80}.Debug|Any CPU.ActiveCfg = Debug|Any CPU
		{1CC6C62A-BC83-4D37-B6D1-3516421A9B80}.Debug|Any CPU.Build.0 = Debug|Any CPU
		{1CC6C62A-BC83-4D37-B6D1-3516421A9B80}.Release|Any CPU.ActiveCfg = Release|Any CPU
		{1CC6C62A-BC83-4D37-B6D1-3516421A9B80}.Release|Any CPU.Build.0 = Release|Any CPU
		{ABAAFDAA-E8A3-49A4-942D-F9215BD52948}.Debug|Any CPU.ActiveCfg = Debug|Any CPU
		{ABAAFDAA-E8A3-49A4-942D-F9215BD52948}.Debug|Any CPU.Build.0 = Debug|Any CPU
		{ABAAFDAA-E8A3-49A4-942D-F9215BD52948}.Release|Any CPU.ActiveCfg = Release|Any CPU
		{ABAAFDAA-E8A3-49A4-942D-F9215BD52948}.Release|Any CPU.Build.0 = Release|Any CPU
		{57C80473-5636-4784-A33B-D0BDF04ED70F}.Debug|Any CPU.ActiveCfg = Debug|Any CPU
		{57C80473-5636-4784-A33B-D0BDF04ED70F}.Debug|Any CPU.Build.0 = Debug|Any CPU
		{57C80473-5636-4784-A33B-D0BDF04ED70F}.Release|Any CPU.ActiveCfg = Release|Any CPU
		{57C80473-5636-4784-A33B-D0BDF04ED70F}.Release|Any CPU.Build.0 = Release|Any CPU
		{BF67CAA8-E54C-454D-9423-C0D60D36D012}.Debug|Any CPU.ActiveCfg = Debug|Any CPU
		{BF67CAA8-E54C-454D-9423-C0D60D36D012}.Debug|Any CPU.Build.0 = Debug|Any CPU
		{BF67CAA8-E54C-454D-9423-C0D60D36D012}.Release|Any CPU.ActiveCfg = Release|Any CPU
		{BF67CAA8-E54C-454D-9423-C0D60D36D012}.Release|Any CPU.Build.0 = Release|Any CPU
		{3FD02E77-9C7E-4B15-8560-CBF8B0349715}.Debug|Any CPU.ActiveCfg = Debug|Any CPU
		{3FD02E77-9C7E-4B15-8560-CBF8B0349715}.Debug|Any CPU.Build.0 = Debug|Any CPU
		{3FD02E77-9C7E-4B15-8560-CBF8B0349715}.Release|Any CPU.ActiveCfg = Release|Any CPU
		{3FD02E77-9C7E-4B15-8560-CBF8B0349715}.Release|Any CPU.Build.0 = Release|Any CPU
		{FBDB2234-6F03-478E-A8D5-99576D46F404}.Debug|Any CPU.ActiveCfg = Debug|Any CPU
		{FBDB2234-6F03-478E-A8D5-99576D46F404}.Debug|Any CPU.Build.0 = Debug|Any CPU
		{FBDB2234-6F03-478E-A8D5-99576D46F404}.Release|Any CPU.ActiveCfg = Release|Any CPU
		{FBDB2234-6F03-478E-A8D5-99576D46F404}.Release|Any CPU.Build.0 = Release|Any CPU
		{5C4B5AEB-E73C-4A82-9F6E-03643A9FFA9C}.Debug|Any CPU.ActiveCfg = Debug|Any CPU
		{5C4B5AEB-E73C-4A82-9F6E-03643A9FFA9C}.Debug|Any CPU.Build.0 = Debug|Any CPU
		{5C4B5AEB-E73C-4A82-9F6E-03643A9FFA9C}.Release|Any CPU.ActiveCfg = Release|Any CPU
		{5C4B5AEB-E73C-4A82-9F6E-03643A9FFA9C}.Release|Any CPU.Build.0 = Release|Any CPU
		{1EF9EA1D-A479-4622-96DA-FA5EE2234141}.Debug|Any CPU.ActiveCfg = Debug|Any CPU
		{1EF9EA1D-A479-4622-96DA-FA5EE2234141}.Debug|Any CPU.Build.0 = Debug|Any CPU
		{1EF9EA1D-A479-4622-96DA-FA5EE2234141}.Release|Any CPU.ActiveCfg = Release|Any CPU
		{1EF9EA1D-A479-4622-96DA-FA5EE2234141}.Release|Any CPU.Build.0 = Release|Any CPU
		{6101E229-387F-4DDA-978E-713B13CD3B6F}.Debug|Any CPU.ActiveCfg = Debug|Any CPU
		{6101E229-387F-4DDA-978E-713B13CD3B6F}.Debug|Any CPU.Build.0 = Debug|Any CPU
		{6101E229-387F-4DDA-978E-713B13CD3B6F}.Release|Any CPU.ActiveCfg = Release|Any CPU
		{6101E229-387F-4DDA-978E-713B13CD3B6F}.Release|Any CPU.Build.0 = Release|Any CPU
		{2E48651C-F64A-49C1-9087-5CB05A5379D9}.Debug|Any CPU.ActiveCfg = Debug|Any CPU
		{2E48651C-F64A-49C1-9087-5CB05A5379D9}.Debug|Any CPU.Build.0 = Debug|Any CPU
		{2E48651C-F64A-49C1-9087-5CB05A5379D9}.Release|Any CPU.ActiveCfg = Release|Any CPU
		{2E48651C-F64A-49C1-9087-5CB05A5379D9}.Release|Any CPU.Build.0 = Release|Any CPU
		{F5E020F5-A625-425D-9A9E-D5491A8FF859}.Debug|Any CPU.ActiveCfg = Debug|Any CPU
		{F5E020F5-A625-425D-9A9E-D5491A8FF859}.Debug|Any CPU.Build.0 = Debug|Any CPU
		{F5E020F5-A625-425D-9A9E-D5491A8FF859}.Release|Any CPU.ActiveCfg = Release|Any CPU
		{F5E020F5-A625-425D-9A9E-D5491A8FF859}.Release|Any CPU.Build.0 = Release|Any CPU
		{7BF60535-F9F9-46FD-8298-FD3287DCDE47}.Debug|Any CPU.ActiveCfg = Debug|Any CPU
		{7BF60535-F9F9-46FD-8298-FD3287DCDE47}.Debug|Any CPU.Build.0 = Debug|Any CPU
		{7BF60535-F9F9-46FD-8298-FD3287DCDE47}.Release|Any CPU.ActiveCfg = Release|Any CPU
		{7BF60535-F9F9-46FD-8298-FD3287DCDE47}.Release|Any CPU.Build.0 = Release|Any CPU
		{1C12C5B8-9840-40C4-B4AD-F67781FE915C}.Debug|Any CPU.ActiveCfg = Debug|Any CPU
		{1C12C5B8-9840-40C4-B4AD-F67781FE915C}.Debug|Any CPU.Build.0 = Debug|Any CPU
		{1C12C5B8-9840-40C4-B4AD-F67781FE915C}.Release|Any CPU.ActiveCfg = Release|Any CPU
		{1C12C5B8-9840-40C4-B4AD-F67781FE915C}.Release|Any CPU.Build.0 = Release|Any CPU
		{15D4CF12-B19B-42C7-B9A1-C0F4E4B98D43}.Debug|Any CPU.ActiveCfg = Debug|Any CPU
		{15D4CF12-B19B-42C7-B9A1-C0F4E4B98D43}.Debug|Any CPU.Build.0 = Debug|Any CPU
		{15D4CF12-B19B-42C7-B9A1-C0F4E4B98D43}.Release|Any CPU.ActiveCfg = Release|Any CPU
		{15D4CF12-B19B-42C7-B9A1-C0F4E4B98D43}.Release|Any CPU.Build.0 = Release|Any CPU
		{1A9CC6B4-3E08-48E4-9230-5934E756AD58}.Debug|Any CPU.ActiveCfg = Debug|Any CPU
		{1A9CC6B4-3E08-48E4-9230-5934E756AD58}.Debug|Any CPU.Build.0 = Debug|Any CPU
		{1A9CC6B4-3E08-48E4-9230-5934E756AD58}.Release|Any CPU.ActiveCfg = Release|Any CPU
		{1A9CC6B4-3E08-48E4-9230-5934E756AD58}.Release|Any CPU.Build.0 = Release|Any CPU
		{4AD213BF-AC1C-402D-A1F0-A4714977EAC8}.Debug|Any CPU.ActiveCfg = Debug|Any CPU
		{4AD213BF-AC1C-402D-A1F0-A4714977EAC8}.Debug|Any CPU.Build.0 = Debug|Any CPU
		{4AD213BF-AC1C-402D-A1F0-A4714977EAC8}.Release|Any CPU.ActiveCfg = Release|Any CPU
		{4AD213BF-AC1C-402D-A1F0-A4714977EAC8}.Release|Any CPU.Build.0 = Release|Any CPU
	EndGlobalSection
	GlobalSection(SolutionProperties) = preSolution
		HideSolutionNode = FALSE
	EndGlobalSection
	GlobalSection(NestedProjects) = preSolution
		{6AA3DE8F-9342-41F4-BBA3-20A831733042} = {97EC90C2-7250-4CDC-9386-A808158BBBBF}
		{5CB07DBE-310A-4FDB-99A1-094106517E47} = {97EC90C2-7250-4CDC-9386-A808158BBBBF}
		{B7F8D82B-1470-43F2-A45F-09C156FE454B} = {7442ED9A-D283-429C-92F7-7BEAD1FA68E5}
		{3C6444DF-163E-4CF7-B454-E1BC8BC41082} = {036AEE51-E5BF-42B9-915D-502E479A2789}
		{97EC90C2-7250-4CDC-9386-A808158BBBBF} = {6E6EB074-3034-4BA4-83E7-F65D728BB208}
		{4CD9FA9A-A4F2-4B13-ABCB-B045A132780B} = {97EC90C2-7250-4CDC-9386-A808158BBBBF}
		{A42DFBF1-0807-4170-B758-796D4ADC607A} = {97EC90C2-7250-4CDC-9386-A808158BBBBF}
		{C38B3123-4936-4E91-B4A3-0876F2259440} = {97EC90C2-7250-4CDC-9386-A808158BBBBF}
		{D3D8D954-7C68-4729-AABC-BD5EE8A87001} = {6E6EB074-3034-4BA4-83E7-F65D728BB208}
		{3142AC47-7424-4E5F-BA19-3305673E078F} = {D3D8D954-7C68-4729-AABC-BD5EE8A87001}
		{D923B528-8EAF-4C46-AD1D-C8D905009E6B} = {D3D8D954-7C68-4729-AABC-BD5EE8A87001}
		{720F34FD-F219-480F-B609-4D634DB1F458} = {32253C75-753C-4C1B-A6AF-3B8EB1F6A6C2}
		{32253C75-753C-4C1B-A6AF-3B8EB1F6A6C2} = {6E6EB074-3034-4BA4-83E7-F65D728BB208}
		{AA09589D-69DB-4C63-8316-1EAFE6B231DF} = {32253C75-753C-4C1B-A6AF-3B8EB1F6A6C2}
		{75F94908-A642-47E6-A511-433B91FFDF39} = {87A3D5CC-93A0-4815-A7D0-11BE3669624A}
		{87A3D5CC-93A0-4815-A7D0-11BE3669624A} = {6E6EB074-3034-4BA4-83E7-F65D728BB208}
		{92C68A00-4333-4CD2-B86D-876813B83A63} = {87A3D5CC-93A0-4815-A7D0-11BE3669624A}
		{B4CC4743-9D78-4D5E-AA98-ED6BB94E3092} = {565546B4-E5F3-4329-851B-B10C51E8E72C}
		{565546B4-E5F3-4329-851B-B10C51E8E72C} = {6E6EB074-3034-4BA4-83E7-F65D728BB208}
		{79FC369B-EBFF-4BDF-B233-C0E0318211F5} = {565546B4-E5F3-4329-851B-B10C51E8E72C}
		{62C8DA06-69EC-406E-81F5-16118957166E} = {6E6EB074-3034-4BA4-83E7-F65D728BB208}
		{18859420-5C1B-4B27-B931-E463F951A61E} = {62C8DA06-69EC-406E-81F5-16118957166E}
		{7442ED9A-D283-429C-92F7-7BEAD1FA68E5} = {7F9C6807-15DB-47A8-A9AA-CE59FCAB37D5}
		{AB7DDC45-3853-48DE-A95B-7CBE6DA70588} = {7F9C6807-15DB-47A8-A9AA-CE59FCAB37D5}
		{2192898E-950E-4FE3-AB5B-2D60AB0CD0CE} = {AB7DDC45-3853-48DE-A95B-7CBE6DA70588}
		{99D9C7B6-6655-47F6-9F3B-D8F638F7F4E2} = {7F9C6807-15DB-47A8-A9AA-CE59FCAB37D5}
		{281EBC60-8053-42A0-B8CB-4AC3596B9703} = {99D9C7B6-6655-47F6-9F3B-D8F638F7F4E2}
		{F0FBEACD-EE2D-4EFD-BAFC-8257A31D310D} = {7F9C6807-15DB-47A8-A9AA-CE59FCAB37D5}
		{915BA698-6023-4801-A54F-64F847C5BDB5} = {F0FBEACD-EE2D-4EFD-BAFC-8257A31D310D}
		{795745EF-5842-4B97-B728-79A867D4F16B} = {7F9C6807-15DB-47A8-A9AA-CE59FCAB37D5}
		{87E51934-00CF-4F0F-B617-B5D965E9C421} = {795745EF-5842-4B97-B728-79A867D4F16B}
		{1C7C7A22-31ED-4651-9818-ECE7E3FB0C64} = {6E6EB074-3034-4BA4-83E7-F65D728BB208}
		{C60C53BE-AC3F-440B-BDC6-317F30E13BEA} = {1C7C7A22-31ED-4651-9818-ECE7E3FB0C64}
		{8A18BC77-A5E8-46B2-A3BA-F1FA1521480E} = {7F9C6807-15DB-47A8-A9AA-CE59FCAB37D5}
		{A45E7610-587C-47DE-BE19-6C054886FFA0} = {8A18BC77-A5E8-46B2-A3BA-F1FA1521480E}
		{B4943698-9271-4317-B915-E9D87A1EB53B} = {C651DA88-D9B6-4F9A-A8FB-964F39083ECF}
		{E22BED0B-EF76-4F9C-9D17-78372C6DBA6D} = {B4943698-9271-4317-B915-E9D87A1EB53B}
		{F16673A3-5289-4BE5-95B7-2D6ADF696013} = {E22BED0B-EF76-4F9C-9D17-78372C6DBA6D}
		{E5023317-44EB-489B-9F67-4A2E73C75274} = {B4943698-9271-4317-B915-E9D87A1EB53B}
		{385E3133-F6AF-4F08-ABF3-2A344EBA2D9E} = {E5023317-44EB-489B-9F67-4A2E73C75274}
		{5D5EDC60-FC39-43E6-862A-1EACA4BD3FDF} = {B4943698-9271-4317-B915-E9D87A1EB53B}
		{847ED06E-61A0-4A20-AABE-A50B366954D0} = {5D5EDC60-FC39-43E6-862A-1EACA4BD3FDF}
		{ECEA594F-6DAD-4AC3-824F-A9EF2075F3FA} = {5D5EDC60-FC39-43E6-862A-1EACA4BD3FDF}
		{A05808A8-9F1B-45F8-A82D-1A5A05571AFF} = {5D5EDC60-FC39-43E6-862A-1EACA4BD3FDF}
		{86284581-CFB4-4BE4-9B24-A584FCF65746} = {B4943698-9271-4317-B915-E9D87A1EB53B}
		{25483FC9-9F06-45FD-A58C-1AF862E384B9} = {86284581-CFB4-4BE4-9B24-A584FCF65746}
		{93BEA84A-0E3A-46E6-BAEE-EDA57AE421C1} = {B4943698-9271-4317-B915-E9D87A1EB53B}
		{5A4D672D-8DC1-485E-ACAF-CF9706D42F04} = {93BEA84A-0E3A-46E6-BAEE-EDA57AE421C1}
		{82B478C4-A93F-4F5A-86A8-A96D9ABBA6D9} = {036AEE51-E5BF-42B9-915D-502E479A2789}
		{EE97F10D-6ADF-41CB-A677-F094E171714B} = {3DEC4592-D5A5-4A6C-B622-BC68A4DE10A4}
		{4A1CFC81-8060-45E1-8574-BF4FBFD635F5} = {3DEC4592-D5A5-4A6C-B622-BC68A4DE10A4}
		{2106A8F3-6B56-4233-BBC1-A4A4D7BD20F4} = {3DEC4592-D5A5-4A6C-B622-BC68A4DE10A4}
		{1521164F-02AF-4E20-AA8C-0E133525683B} = {2106A8F3-6B56-4233-BBC1-A4A4D7BD20F4}
		{04C6DD17-C18A-45D5-84CC-F2E867A8AB12} = {4A1CFC81-8060-45E1-8574-BF4FBFD635F5}
		{39018CC3-7C2B-47AB-AF45-A928F16A0307} = {3DEC4592-D5A5-4A6C-B622-BC68A4DE10A4}
		{4F34165A-F7C7-436A-9BC5-5F592890F57A} = {39018CC3-7C2B-47AB-AF45-A928F16A0307}
		{F335DF4D-51AF-41ED-AC09-D3FEEEF8DE93} = {3DEC4592-D5A5-4A6C-B622-BC68A4DE10A4}
		{CE67A031-7945-496B-BB70-7574C258CF7D} = {F335DF4D-51AF-41ED-AC09-D3FEEEF8DE93}
		{060699CF-6DE4-43EF-9233-8F38C93508AA} = {3DEC4592-D5A5-4A6C-B622-BC68A4DE10A4}
		{E33D1531-E981-449C-B407-6168C23942DA} = {060699CF-6DE4-43EF-9233-8F38C93508AA}
		{EFDCDDBE-88DB-4698-A376-3504AFB9E384} = {7F9C6807-15DB-47A8-A9AA-CE59FCAB37D5}
		{BE0FBAFD-33D6-4C4D-A8AC-D6964EC7533D} = {EFDCDDBE-88DB-4698-A376-3504AFB9E384}
		{E342FF40-908A-4298-AAB2-8FB10522CE04} = {BF4771A6-3909-4033-81F5-12D85437F8AE}
		{7262A1A8-7DAF-4A5F-B62B-10AE2530436F} = {BF4771A6-3909-4033-81F5-12D85437F8AE}
		{F780FE95-F5C4-44BE-88E6-CC95B14207EB} = {3DEC4592-D5A5-4A6C-B622-BC68A4DE10A4}
		{11344AC6-D5E6-4819-818D-DA0A11C5D1CC} = {F780FE95-F5C4-44BE-88E6-CC95B14207EB}
		{219F92CB-C29E-433A-A4E5-E4531BF5E2AD} = {036AEE51-E5BF-42B9-915D-502E479A2789}
		{1A9F4F88-F149-4640-B903-7D0177B1D38B} = {C651DA88-D9B6-4F9A-A8FB-964F39083ECF}
		{2E0D836F-C844-45B1-86C8-2BC72C3B5F64} = {1A9F4F88-F149-4640-B903-7D0177B1D38B}
		{AF8D8434-EDDE-48AC-A757-30D7CE019F4F} = {2E0D836F-C844-45B1-86C8-2BC72C3B5F64}
		{3D5D5813-35EC-4786-B34B-0D61C645F3DE} = {1A9F4F88-F149-4640-B903-7D0177B1D38B}
		{66BB7A9D-E9DF-482F-AA0F-EA1066461BB7} = {3D5D5813-35EC-4786-B34B-0D61C645F3DE}
		{44ACC2EB-E17B-4F01-AFEF-E6B42893D5B1} = {1A9F4F88-F149-4640-B903-7D0177B1D38B}
		{DECC5460-E000-466B-B5B3-A8513A11F1E7} = {44ACC2EB-E17B-4F01-AFEF-E6B42893D5B1}
		{7A92B91E-BE67-4AE7-A273-36D5D300DC6C} = {1A9F4F88-F149-4640-B903-7D0177B1D38B}
		{2D7C20B8-7E3A-44C4-8DD2-F1C8DF742E43} = {7A92B91E-BE67-4AE7-A273-36D5D300DC6C}
		{C1106D9A-B2AC-43CB-9E8C-801A8D194BD1} = {1A9F4F88-F149-4640-B903-7D0177B1D38B}
		{9CD31D6A-9120-4595-B81C-314FDFD6A580} = {C1106D9A-B2AC-43CB-9E8C-801A8D194BD1}
		{412C4A39-7C5E-42E0-896F-897D7AE2DA5C} = {036AEE51-E5BF-42B9-915D-502E479A2789}
		{4C78169C-5DE3-4CE8-A221-C368206184A4} = {C1106D9A-B2AC-43CB-9E8C-801A8D194BD1}
		{A8C90E71-FE0E-44F3-8562-2417B3572A96} = {BF4771A6-3909-4033-81F5-12D85437F8AE}
		{72C9D759-C7E4-45A2-A645-ACED4527E46A} = {BF4771A6-3909-4033-81F5-12D85437F8AE}
		{747238F3-F732-4ECE-B6DE-E4951D6CF9FC} = {98915ED3-4FBB-4B56-92D3-0B1DF8F27545}
		{98915ED3-4FBB-4B56-92D3-0B1DF8F27545} = {3DEC4592-D5A5-4A6C-B622-BC68A4DE10A4}
		{BF4771A6-3909-4033-81F5-12D85437F8AE} = {EE97F10D-6ADF-41CB-A677-F094E171714B}
		{F6F3FE75-D48D-4663-9907-33AF4629D7BC} = {EE97F10D-6ADF-41CB-A677-F094E171714B}
		{3C1A316F-E24E-4BAF-B3AF-1A28D4D5451C} = {F6F3FE75-D48D-4663-9907-33AF4629D7BC}
		{7A075BA1-A0EF-4339-AC7C-C6242706CA16} = {F6F3FE75-D48D-4663-9907-33AF4629D7BC}
		{1CC6C62A-BC83-4D37-B6D1-3516421A9B80} = {7A075BA1-A0EF-4339-AC7C-C6242706CA16}
		{ABAAFDAA-E8A3-49A4-942D-F9215BD52948} = {7A075BA1-A0EF-4339-AC7C-C6242706CA16}
		{57C80473-5636-4784-A33B-D0BDF04ED70F} = {3C1A316F-E24E-4BAF-B3AF-1A28D4D5451C}
		{BF67CAA8-E54C-454D-9423-C0D60D36D012} = {3C1A316F-E24E-4BAF-B3AF-1A28D4D5451C}
		{B6D26A62-ABCC-4C7D-895B-E8062EAD453A} = {1A9F4F88-F149-4640-B903-7D0177B1D38B}
		{3FD02E77-9C7E-4B15-8560-CBF8B0349715} = {B6D26A62-ABCC-4C7D-895B-E8062EAD453A}
		{99424752-5552-492E-9055-73AA45372977} = {3DEC4592-D5A5-4A6C-B622-BC68A4DE10A4}
		{FBDB2234-6F03-478E-A8D5-99576D46F404} = {99424752-5552-492E-9055-73AA45372977}
		{820FA29D-F4AB-4166-A9E3-EE4358E756CF} = {3DEC4592-D5A5-4A6C-B622-BC68A4DE10A4}
		{5C4B5AEB-E73C-4A82-9F6E-03643A9FFA9C} = {820FA29D-F4AB-4166-A9E3-EE4358E756CF}
		{E04114CD-9178-4246-9ED9-D3013727B517} = {3DEC4592-D5A5-4A6C-B622-BC68A4DE10A4}
		{1EF9EA1D-A479-4622-96DA-FA5EE2234141} = {E04114CD-9178-4246-9ED9-D3013727B517}
		{9B044B9B-A81B-4CAA-BEEC-87F4A00E3723} = {3DEC4592-D5A5-4A6C-B622-BC68A4DE10A4}
		{6101E229-387F-4DDA-978E-713B13CD3B6F} = {9B044B9B-A81B-4CAA-BEEC-87F4A00E3723}
		{2E48651C-F64A-49C1-9087-5CB05A5379D9} = {060699CF-6DE4-43EF-9233-8F38C93508AA}
		{F5E020F5-A625-425D-9A9E-D5491A8FF859} = {036AEE51-E5BF-42B9-915D-502E479A2789}
		{4C73A870-538B-4334-A485-7CC5E0850B9D} = {1A9F4F88-F149-4640-B903-7D0177B1D38B}
		{7BF60535-F9F9-46FD-8298-FD3287DCDE47} = {4C73A870-538B-4334-A485-7CC5E0850B9D}
		{68B8AACC-190F-4EF7-B6B6-C012045225E6} = {1A9F4F88-F149-4640-B903-7D0177B1D38B}
		{1C12C5B8-9840-40C4-B4AD-F67781FE915C} = {68B8AACC-190F-4EF7-B6B6-C012045225E6}
		{AA998852-8CDB-4B9A-948E-16A1FB0D3750} = {1A9F4F88-F149-4640-B903-7D0177B1D38B}
		{15D4CF12-B19B-42C7-B9A1-C0F4E4B98D43} = {AA998852-8CDB-4B9A-948E-16A1FB0D3750}
		{1A9CC6B4-3E08-48E4-9230-5934E756AD58} = {036AEE51-E5BF-42B9-915D-502E479A2789}
		{D5E8932C-BE1B-4095-AB09-FE014FB01426} = {1A9F4F88-F149-4640-B903-7D0177B1D38B}
		{4AD213BF-AC1C-402D-A1F0-A4714977EAC8} = {D5E8932C-BE1B-4095-AB09-FE014FB01426}
	EndGlobalSection
	GlobalSection(ExtensibilityGlobals) = postSolution
		SolutionGuid = {4711873B-874F-42D7-B59B-B74589C200B9}
	EndGlobalSection
EndGlobal
