
Microsoft Visual Studio Solution File, Format Version 12.00
# Visual Studio 15
VisualStudioVersion = 15.0.27428.2043
MinimumVisualStudioVersion = 10.0.40219.1
Project("{FAE04EC0-301F-11D3-BF4B-00C04F79EFBC}") = "MergeSort", "MergeSort\MergeSort.csproj", "{6AA3DE8F-9342-41F4-BBA3-20A831733042}"
EndProject
Project("{FAE04EC0-301F-11D3-BF4B-00C04F79EFBC}") = "FastSort", "FastSort\FastSort.csproj", "{5CB07DBE-310A-4FDB-99A1-094106517E47}"
EndProject
Project("{FAE04EC0-301F-11D3-BF4B-00C04F79EFBC}") = "LinkedList", "OneLinkedList\LinkedList.csproj", "{B7F8D82B-1470-43F2-A45F-09C156FE454B}"
EndProject
Project("{FAE04EC0-301F-11D3-BF4B-00C04F79EFBC}") = "TestYield", "TestYield\TestYield.csproj", "{3C6444DF-163E-4CF7-B454-E1BC8BC41082}"
EndProject
Project("{2150E333-8FDC-42A3-9474-1A3956D46DE8}") = "Algorithms", "Algorithms", "{6E6EB074-3034-4BA4-83E7-F65D728BB208}"
EndProject
Project("{2150E333-8FDC-42A3-9474-1A3956D46DE8}") = "Sort", "Sort", "{97EC90C2-7250-4CDC-9386-A808158BBBBF}"
EndProject
Project("{2150E333-8FDC-42A3-9474-1A3956D46DE8}") = "Training", "Training", "{036AEE51-E5BF-42B9-915D-502E479A2789}"
EndProject
Project("{2150E333-8FDC-42A3-9474-1A3956D46DE8}") = "Structures", "Structures", "{7F9C6807-15DB-47A8-A9AA-CE59FCAB37D5}"
EndProject
Project("{2150E333-8FDC-42A3-9474-1A3956D46DE8}") = "Patterns", "Patterns", "{C651DA88-D9B6-4F9A-A8FB-964F39083ECF}"
EndProject
Project("{FAE04EC0-301F-11D3-BF4B-00C04F79EFBC}") = "BubbleSort", "BubleSort\BubbleSort.csproj", "{4CD9FA9A-A4F2-4B13-ABCB-B045A132780B}"
EndProject
Project("{FAE04EC0-301F-11D3-BF4B-00C04F79EFBC}") = "SelectionSort", "SelectionSort\SelectionSort.csproj", "{A42DFBF1-0807-4170-B758-796D4ADC607A}"
EndProject
Project("{FAE04EC0-301F-11D3-BF4B-00C04F79EFBC}") = "InsertionSort", "InsertionSort\InsertionSort.csproj", "{C38B3123-4936-4E91-B4A3-0876F2259440}"
EndProject
Project("{2150E333-8FDC-42A3-9474-1A3956D46DE8}") = "Search", "Search", "{D3D8D954-7C68-4729-AABC-BD5EE8A87001}"
EndProject
Project("{FAE04EC0-301F-11D3-BF4B-00C04F79EFBC}") = "LinearSearch", "LinearSearch\LinearSearch.csproj", "{3142AC47-7424-4E5F-BA19-3305673E078F}"
EndProject
Project("{FAE04EC0-301F-11D3-BF4B-00C04F79EFBC}") = "BinarySearch", "BinarySearch\BinarySearch.csproj", "{D923B528-8EAF-4C46-AD1D-C8D905009E6B}"
EndProject
Project("{FAE04EC0-301F-11D3-BF4B-00C04F79EFBC}") = "FastSort2", "FastSort2\FastSort2.csproj", "{B2AE7F8A-1EDD-4139-9142-43C25C8ED38D}"
EndProject
Project("{FAE04EC0-301F-11D3-BF4B-00C04F79EFBC}") = "MergeSort2", "MergeSort2\MergeSort2.csproj", "{525AB6F5-04ED-4F66-8837-139F8441FDEE}"
EndProject
Project("{FAE04EC0-301F-11D3-BF4B-00C04F79EFBC}") = "StringReverseV1", "StringReverseV1\StringReverseV1.csproj", "{720F34FD-F219-480F-B609-4D634DB1F458}"
EndProject
Project("{2150E333-8FDC-42A3-9474-1A3956D46DE8}") = "StringReverse", "StringReverse", "{32253C75-753C-4C1B-A6AF-3B8EB1F6A6C2}"
EndProject
Project("{FAE04EC0-301F-11D3-BF4B-00C04F79EFBC}") = "StringReverseV2", "StringReverseV2\StringReverseV2.csproj", "{AA09589D-69DB-4C63-8316-1EAFE6B231DF}"
EndProject
Project("{FAE04EC0-301F-11D3-BF4B-00C04F79EFBC}") = "FactorialRecursive", "Factorial\FactorialRecursive.csproj", "{75F94908-A642-47E6-A511-433B91FFDF39}"
EndProject
Project("{2150E333-8FDC-42A3-9474-1A3956D46DE8}") = "Factorial", "Factorial", "{87A3D5CC-93A0-4815-A7D0-11BE3669624A}"
EndProject
Project("{FAE04EC0-301F-11D3-BF4B-00C04F79EFBC}") = "FactorialIterative", "FactorialIterative\FactorialIterative.csproj", "{92C68A00-4333-4CD2-B86D-876813B83A63}"
EndProject
Project("{FAE04EC0-301F-11D3-BF4B-00C04F79EFBC}") = "FibonacciIterative", "Fibonacci\FibonacciIterative.csproj", "{B4CC4743-9D78-4D5E-AA98-ED6BB94E3092}"
EndProject
Project("{2150E333-8FDC-42A3-9474-1A3956D46DE8}") = "Fibonacci", "Fibonacci", "{565546B4-E5F3-4329-851B-B10C51E8E72C}"
EndProject
Project("{FAE04EC0-301F-11D3-BF4B-00C04F79EFBC}") = "FibonacciRecursive", "FibonacciRecursive\FibonacciRecursive.csproj", "{79FC369B-EBFF-4BDF-B233-C0E0318211F5}"
EndProject
Project("{2150E333-8FDC-42A3-9474-1A3956D46DE8}") = "CaesarCipher", "CaesarCipher", "{62C8DA06-69EC-406E-81F5-16118957166E}"
EndProject
Project("{FAE04EC0-301F-11D3-BF4B-00C04F79EFBC}") = "CaesarCipher", "CaesarCypher\CaesarCipher.csproj", "{18859420-5C1B-4B27-B931-E463F951A61E}"
EndProject
Project("{2150E333-8FDC-42A3-9474-1A3956D46DE8}") = "LinkedList", "LinkedList", "{7442ED9A-D283-429C-92F7-7BEAD1FA68E5}"
EndProject
Project("{FAE04EC0-301F-11D3-BF4B-00C04F79EFBC}") = "LinkedListFromMetanit", "LinkedListFromMetanit\LinkedListFromMetanit.csproj", "{4AED73BF-765B-4C2C-83B5-D5040EA1C6F1}"
EndProject
Project("{2150E333-8FDC-42A3-9474-1A3956D46DE8}") = "DoublyLinkedList", "DoublyLinkedList", "{AB7DDC45-3853-48DE-A95B-7CBE6DA70588}"
EndProject
Project("{FAE04EC0-301F-11D3-BF4B-00C04F79EFBC}") = "DoublyLinkedList", "DoublyLinkedList\DoublyLinkedList.csproj", "{2192898E-950E-4FE3-AB5B-2D60AB0CD0CE}"
EndProject
Project("{2150E333-8FDC-42A3-9474-1A3956D46DE8}") = "StackBaseOnArray", "StackBaseOnArray", "{99D9C7B6-6655-47F6-9F3B-D8F638F7F4E2}"
EndProject
Project("{FAE04EC0-301F-11D3-BF4B-00C04F79EFBC}") = "Stack(Array)", "Stack(Array)\Stack(Array).csproj", "{281EBC60-8053-42A0-B8CB-4AC3596B9703}"
EndProject
Project("{2150E333-8FDC-42A3-9474-1A3956D46DE8}") = "StackBaseOnLinkedList", "StackBaseOnLinkedList", "{F0FBEACD-EE2D-4EFD-BAFC-8257A31D310D}"
EndProject
Project("{FAE04EC0-301F-11D3-BF4B-00C04F79EFBC}") = "Stack(LinkedList)", "Stack(LinkedList)\Stack(LinkedList).csproj", "{915BA698-6023-4801-A54F-64F847C5BDB5}"
EndProject
Project("{2150E333-8FDC-42A3-9474-1A3956D46DE8}") = "Queue", "Queue", "{795745EF-5842-4B97-B728-79A867D4F16B}"
EndProject
Project("{FAE04EC0-301F-11D3-BF4B-00C04F79EFBC}") = "Queue", "Queue\Queue.csproj", "{87E51934-00CF-4F0F-B617-B5D965E9C421}"
EndProject
Project("{2150E333-8FDC-42A3-9474-1A3956D46DE8}") = "Dijkstra", "Dijkstra", "{1C7C7A22-31ED-4651-9818-ECE7E3FB0C64}"
EndProject
Project("{FAE04EC0-301F-11D3-BF4B-00C04F79EFBC}") = "Dijkstra", "Dijkstra\Dijkstra.csproj", "{C60C53BE-AC3F-440B-BDC6-317F30E13BEA}"
EndProject
Project("{FAE04EC0-301F-11D3-BF4B-00C04F79EFBC}") = "test", "test\test.csproj", "{F19E6EC9-EB56-4872-BE93-ED06682BE4DF}"
EndProject
Global
	GlobalSection(SolutionConfigurationPlatforms) = preSolution
		Debug|Any CPU = Debug|Any CPU
		Release|Any CPU = Release|Any CPU
	EndGlobalSection
	GlobalSection(ProjectConfigurationPlatforms) = postSolution
		{6AA3DE8F-9342-41F4-BBA3-20A831733042}.Debug|Any CPU.ActiveCfg = Debug|Any CPU
		{6AA3DE8F-9342-41F4-BBA3-20A831733042}.Debug|Any CPU.Build.0 = Debug|Any CPU
		{6AA3DE8F-9342-41F4-BBA3-20A831733042}.Release|Any CPU.ActiveCfg = Release|Any CPU
		{6AA3DE8F-9342-41F4-BBA3-20A831733042}.Release|Any CPU.Build.0 = Release|Any CPU
		{5CB07DBE-310A-4FDB-99A1-094106517E47}.Debug|Any CPU.ActiveCfg = Debug|Any CPU
		{5CB07DBE-310A-4FDB-99A1-094106517E47}.Debug|Any CPU.Build.0 = Debug|Any CPU
		{5CB07DBE-310A-4FDB-99A1-094106517E47}.Release|Any CPU.ActiveCfg = Release|Any CPU
		{5CB07DBE-310A-4FDB-99A1-094106517E47}.Release|Any CPU.Build.0 = Release|Any CPU
		{B7F8D82B-1470-43F2-A45F-09C156FE454B}.Debug|Any CPU.ActiveCfg = Debug|Any CPU
		{B7F8D82B-1470-43F2-A45F-09C156FE454B}.Debug|Any CPU.Build.0 = Debug|Any CPU
		{B7F8D82B-1470-43F2-A45F-09C156FE454B}.Release|Any CPU.ActiveCfg = Release|Any CPU
		{B7F8D82B-1470-43F2-A45F-09C156FE454B}.Release|Any CPU.Build.0 = Release|Any CPU
		{3C6444DF-163E-4CF7-B454-E1BC8BC41082}.Debug|Any CPU.ActiveCfg = Debug|Any CPU
		{3C6444DF-163E-4CF7-B454-E1BC8BC41082}.Debug|Any CPU.Build.0 = Debug|Any CPU
		{3C6444DF-163E-4CF7-B454-E1BC8BC41082}.Release|Any CPU.ActiveCfg = Release|Any CPU
		{3C6444DF-163E-4CF7-B454-E1BC8BC41082}.Release|Any CPU.Build.0 = Release|Any CPU
		{4CD9FA9A-A4F2-4B13-ABCB-B045A132780B}.Debug|Any CPU.ActiveCfg = Debug|Any CPU
		{4CD9FA9A-A4F2-4B13-ABCB-B045A132780B}.Debug|Any CPU.Build.0 = Debug|Any CPU
		{4CD9FA9A-A4F2-4B13-ABCB-B045A132780B}.Release|Any CPU.ActiveCfg = Release|Any CPU
		{4CD9FA9A-A4F2-4B13-ABCB-B045A132780B}.Release|Any CPU.Build.0 = Release|Any CPU
		{A42DFBF1-0807-4170-B758-796D4ADC607A}.Debug|Any CPU.ActiveCfg = Debug|Any CPU
		{A42DFBF1-0807-4170-B758-796D4ADC607A}.Debug|Any CPU.Build.0 = Debug|Any CPU
		{A42DFBF1-0807-4170-B758-796D4ADC607A}.Release|Any CPU.ActiveCfg = Release|Any CPU
		{A42DFBF1-0807-4170-B758-796D4ADC607A}.Release|Any CPU.Build.0 = Release|Any CPU
		{C38B3123-4936-4E91-B4A3-0876F2259440}.Debug|Any CPU.ActiveCfg = Debug|Any CPU
		{C38B3123-4936-4E91-B4A3-0876F2259440}.Debug|Any CPU.Build.0 = Debug|Any CPU
		{C38B3123-4936-4E91-B4A3-0876F2259440}.Release|Any CPU.ActiveCfg = Release|Any CPU
		{C38B3123-4936-4E91-B4A3-0876F2259440}.Release|Any CPU.Build.0 = Release|Any CPU
		{3142AC47-7424-4E5F-BA19-3305673E078F}.Debug|Any CPU.ActiveCfg = Debug|Any CPU
		{3142AC47-7424-4E5F-BA19-3305673E078F}.Debug|Any CPU.Build.0 = Debug|Any CPU
		{3142AC47-7424-4E5F-BA19-3305673E078F}.Release|Any CPU.ActiveCfg = Release|Any CPU
		{3142AC47-7424-4E5F-BA19-3305673E078F}.Release|Any CPU.Build.0 = Release|Any CPU
		{D923B528-8EAF-4C46-AD1D-C8D905009E6B}.Debug|Any CPU.ActiveCfg = Debug|Any CPU
		{D923B528-8EAF-4C46-AD1D-C8D905009E6B}.Debug|Any CPU.Build.0 = Debug|Any CPU
		{D923B528-8EAF-4C46-AD1D-C8D905009E6B}.Release|Any CPU.ActiveCfg = Release|Any CPU
		{D923B528-8EAF-4C46-AD1D-C8D905009E6B}.Release|Any CPU.Build.0 = Release|Any CPU
		{B2AE7F8A-1EDD-4139-9142-43C25C8ED38D}.Debug|Any CPU.ActiveCfg = Debug|Any CPU
		{B2AE7F8A-1EDD-4139-9142-43C25C8ED38D}.Debug|Any CPU.Build.0 = Debug|Any CPU
		{B2AE7F8A-1EDD-4139-9142-43C25C8ED38D}.Release|Any CPU.ActiveCfg = Release|Any CPU
		{B2AE7F8A-1EDD-4139-9142-43C25C8ED38D}.Release|Any CPU.Build.0 = Release|Any CPU
		{525AB6F5-04ED-4F66-8837-139F8441FDEE}.Debug|Any CPU.ActiveCfg = Debug|Any CPU
		{525AB6F5-04ED-4F66-8837-139F8441FDEE}.Debug|Any CPU.Build.0 = Debug|Any CPU
		{525AB6F5-04ED-4F66-8837-139F8441FDEE}.Release|Any CPU.ActiveCfg = Release|Any CPU
		{525AB6F5-04ED-4F66-8837-139F8441FDEE}.Release|Any CPU.Build.0 = Release|Any CPU
		{720F34FD-F219-480F-B609-4D634DB1F458}.Debug|Any CPU.ActiveCfg = Debug|Any CPU
		{720F34FD-F219-480F-B609-4D634DB1F458}.Debug|Any CPU.Build.0 = Debug|Any CPU
		{720F34FD-F219-480F-B609-4D634DB1F458}.Release|Any CPU.ActiveCfg = Release|Any CPU
		{720F34FD-F219-480F-B609-4D634DB1F458}.Release|Any CPU.Build.0 = Release|Any CPU
		{AA09589D-69DB-4C63-8316-1EAFE6B231DF}.Debug|Any CPU.ActiveCfg = Debug|Any CPU
		{AA09589D-69DB-4C63-8316-1EAFE6B231DF}.Debug|Any CPU.Build.0 = Debug|Any CPU
		{AA09589D-69DB-4C63-8316-1EAFE6B231DF}.Release|Any CPU.ActiveCfg = Release|Any CPU
		{AA09589D-69DB-4C63-8316-1EAFE6B231DF}.Release|Any CPU.Build.0 = Release|Any CPU
		{75F94908-A642-47E6-A511-433B91FFDF39}.Debug|Any CPU.ActiveCfg = Debug|Any CPU
		{75F94908-A642-47E6-A511-433B91FFDF39}.Debug|Any CPU.Build.0 = Debug|Any CPU
		{75F94908-A642-47E6-A511-433B91FFDF39}.Release|Any CPU.ActiveCfg = Release|Any CPU
		{75F94908-A642-47E6-A511-433B91FFDF39}.Release|Any CPU.Build.0 = Release|Any CPU
		{92C68A00-4333-4CD2-B86D-876813B83A63}.Debug|Any CPU.ActiveCfg = Debug|Any CPU
		{92C68A00-4333-4CD2-B86D-876813B83A63}.Debug|Any CPU.Build.0 = Debug|Any CPU
		{92C68A00-4333-4CD2-B86D-876813B83A63}.Release|Any CPU.ActiveCfg = Release|Any CPU
		{92C68A00-4333-4CD2-B86D-876813B83A63}.Release|Any CPU.Build.0 = Release|Any CPU
		{B4CC4743-9D78-4D5E-AA98-ED6BB94E3092}.Debug|Any CPU.ActiveCfg = Debug|Any CPU
		{B4CC4743-9D78-4D5E-AA98-ED6BB94E3092}.Debug|Any CPU.Build.0 = Debug|Any CPU
		{B4CC4743-9D78-4D5E-AA98-ED6BB94E3092}.Release|Any CPU.ActiveCfg = Release|Any CPU
		{B4CC4743-9D78-4D5E-AA98-ED6BB94E3092}.Release|Any CPU.Build.0 = Release|Any CPU
		{79FC369B-EBFF-4BDF-B233-C0E0318211F5}.Debug|Any CPU.ActiveCfg = Debug|Any CPU
		{79FC369B-EBFF-4BDF-B233-C0E0318211F5}.Debug|Any CPU.Build.0 = Debug|Any CPU
		{79FC369B-EBFF-4BDF-B233-C0E0318211F5}.Release|Any CPU.ActiveCfg = Release|Any CPU
		{79FC369B-EBFF-4BDF-B233-C0E0318211F5}.Release|Any CPU.Build.0 = Release|Any CPU
		{18859420-5C1B-4B27-B931-E463F951A61E}.Debug|Any CPU.ActiveCfg = Debug|Any CPU
		{18859420-5C1B-4B27-B931-E463F951A61E}.Debug|Any CPU.Build.0 = Debug|Any CPU
		{18859420-5C1B-4B27-B931-E463F951A61E}.Release|Any CPU.ActiveCfg = Release|Any CPU
		{18859420-5C1B-4B27-B931-E463F951A61E}.Release|Any CPU.Build.0 = Release|Any CPU
		{4AED73BF-765B-4C2C-83B5-D5040EA1C6F1}.Debug|Any CPU.ActiveCfg = Debug|Any CPU
		{4AED73BF-765B-4C2C-83B5-D5040EA1C6F1}.Debug|Any CPU.Build.0 = Debug|Any CPU
		{4AED73BF-765B-4C2C-83B5-D5040EA1C6F1}.Release|Any CPU.ActiveCfg = Release|Any CPU
		{4AED73BF-765B-4C2C-83B5-D5040EA1C6F1}.Release|Any CPU.Build.0 = Release|Any CPU
		{2192898E-950E-4FE3-AB5B-2D60AB0CD0CE}.Debug|Any CPU.ActiveCfg = Debug|Any CPU
		{2192898E-950E-4FE3-AB5B-2D60AB0CD0CE}.Debug|Any CPU.Build.0 = Debug|Any CPU
		{2192898E-950E-4FE3-AB5B-2D60AB0CD0CE}.Release|Any CPU.ActiveCfg = Release|Any CPU
		{2192898E-950E-4FE3-AB5B-2D60AB0CD0CE}.Release|Any CPU.Build.0 = Release|Any CPU
		{281EBC60-8053-42A0-B8CB-4AC3596B9703}.Debug|Any CPU.ActiveCfg = Debug|Any CPU
		{281EBC60-8053-42A0-B8CB-4AC3596B9703}.Debug|Any CPU.Build.0 = Debug|Any CPU
		{281EBC60-8053-42A0-B8CB-4AC3596B9703}.Release|Any CPU.ActiveCfg = Release|Any CPU
		{281EBC60-8053-42A0-B8CB-4AC3596B9703}.Release|Any CPU.Build.0 = Release|Any CPU
		{915BA698-6023-4801-A54F-64F847C5BDB5}.Debug|Any CPU.ActiveCfg = Debug|Any CPU
		{915BA698-6023-4801-A54F-64F847C5BDB5}.Debug|Any CPU.Build.0 = Debug|Any CPU
		{915BA698-6023-4801-A54F-64F847C5BDB5}.Release|Any CPU.ActiveCfg = Release|Any CPU
		{915BA698-6023-4801-A54F-64F847C5BDB5}.Release|Any CPU.Build.0 = Release|Any CPU
		{87E51934-00CF-4F0F-B617-B5D965E9C421}.Debug|Any CPU.ActiveCfg = Debug|Any CPU
		{87E51934-00CF-4F0F-B617-B5D965E9C421}.Debug|Any CPU.Build.0 = Debug|Any CPU
		{87E51934-00CF-4F0F-B617-B5D965E9C421}.Release|Any CPU.ActiveCfg = Release|Any CPU
		{87E51934-00CF-4F0F-B617-B5D965E9C421}.Release|Any CPU.Build.0 = Release|Any CPU
		{C60C53BE-AC3F-440B-BDC6-317F30E13BEA}.Debug|Any CPU.ActiveCfg = Debug|Any CPU
		{C60C53BE-AC3F-440B-BDC6-317F30E13BEA}.Debug|Any CPU.Build.0 = Debug|Any CPU
		{C60C53BE-AC3F-440B-BDC6-317F30E13BEA}.Release|Any CPU.ActiveCfg = Release|Any CPU
		{C60C53BE-AC3F-440B-BDC6-317F30E13BEA}.Release|Any CPU.Build.0 = Release|Any CPU
		{F19E6EC9-EB56-4872-BE93-ED06682BE4DF}.Debug|Any CPU.ActiveCfg = Debug|Any CPU
		{F19E6EC9-EB56-4872-BE93-ED06682BE4DF}.Debug|Any CPU.Build.0 = Debug|Any CPU
		{F19E6EC9-EB56-4872-BE93-ED06682BE4DF}.Release|Any CPU.ActiveCfg = Release|Any CPU
		{F19E6EC9-EB56-4872-BE93-ED06682BE4DF}.Release|Any CPU.Build.0 = Release|Any CPU
	EndGlobalSection
	GlobalSection(SolutionProperties) = preSolution
		HideSolutionNode = FALSE
	EndGlobalSection
	GlobalSection(NestedProjects) = preSolution
		{6AA3DE8F-9342-41F4-BBA3-20A831733042} = {97EC90C2-7250-4CDC-9386-A808158BBBBF}
		{5CB07DBE-310A-4FDB-99A1-094106517E47} = {97EC90C2-7250-4CDC-9386-A808158BBBBF}
		{B7F8D82B-1470-43F2-A45F-09C156FE454B} = {7442ED9A-D283-429C-92F7-7BEAD1FA68E5}
		{3C6444DF-163E-4CF7-B454-E1BC8BC41082} = {036AEE51-E5BF-42B9-915D-502E479A2789}
		{97EC90C2-7250-4CDC-9386-A808158BBBBF} = {6E6EB074-3034-4BA4-83E7-F65D728BB208}
		{4CD9FA9A-A4F2-4B13-ABCB-B045A132780B} = {97EC90C2-7250-4CDC-9386-A808158BBBBF}
		{A42DFBF1-0807-4170-B758-796D4ADC607A} = {97EC90C2-7250-4CDC-9386-A808158BBBBF}
		{C38B3123-4936-4E91-B4A3-0876F2259440} = {97EC90C2-7250-4CDC-9386-A808158BBBBF}
		{D3D8D954-7C68-4729-AABC-BD5EE8A87001} = {6E6EB074-3034-4BA4-83E7-F65D728BB208}
		{3142AC47-7424-4E5F-BA19-3305673E078F} = {D3D8D954-7C68-4729-AABC-BD5EE8A87001}
		{D923B528-8EAF-4C46-AD1D-C8D905009E6B} = {D3D8D954-7C68-4729-AABC-BD5EE8A87001}
		{B2AE7F8A-1EDD-4139-9142-43C25C8ED38D} = {036AEE51-E5BF-42B9-915D-502E479A2789}
		{525AB6F5-04ED-4F66-8837-139F8441FDEE} = {036AEE51-E5BF-42B9-915D-502E479A2789}
		{720F34FD-F219-480F-B609-4D634DB1F458} = {32253C75-753C-4C1B-A6AF-3B8EB1F6A6C2}
		{32253C75-753C-4C1B-A6AF-3B8EB1F6A6C2} = {6E6EB074-3034-4BA4-83E7-F65D728BB208}
		{AA09589D-69DB-4C63-8316-1EAFE6B231DF} = {32253C75-753C-4C1B-A6AF-3B8EB1F6A6C2}
		{75F94908-A642-47E6-A511-433B91FFDF39} = {87A3D5CC-93A0-4815-A7D0-11BE3669624A}
		{87A3D5CC-93A0-4815-A7D0-11BE3669624A} = {6E6EB074-3034-4BA4-83E7-F65D728BB208}
		{92C68A00-4333-4CD2-B86D-876813B83A63} = {87A3D5CC-93A0-4815-A7D0-11BE3669624A}
		{B4CC4743-9D78-4D5E-AA98-ED6BB94E3092} = {565546B4-E5F3-4329-851B-B10C51E8E72C}
		{565546B4-E5F3-4329-851B-B10C51E8E72C} = {6E6EB074-3034-4BA4-83E7-F65D728BB208}
		{79FC369B-EBFF-4BDF-B233-C0E0318211F5} = {565546B4-E5F3-4329-851B-B10C51E8E72C}
		{62C8DA06-69EC-406E-81F5-16118957166E} = {6E6EB074-3034-4BA4-83E7-F65D728BB208}
		{18859420-5C1B-4B27-B931-E463F951A61E} = {62C8DA06-69EC-406E-81F5-16118957166E}
		{7442ED9A-D283-429C-92F7-7BEAD1FA68E5} = {7F9C6807-15DB-47A8-A9AA-CE59FCAB37D5}
		{4AED73BF-765B-4C2C-83B5-D5040EA1C6F1} = {036AEE51-E5BF-42B9-915D-502E479A2789}
		{AB7DDC45-3853-48DE-A95B-7CBE6DA70588} = {7F9C6807-15DB-47A8-A9AA-CE59FCAB37D5}
		{2192898E-950E-4FE3-AB5B-2D60AB0CD0CE} = {AB7DDC45-3853-48DE-A95B-7CBE6DA70588}
		{99D9C7B6-6655-47F6-9F3B-D8F638F7F4E2} = {7F9C6807-15DB-47A8-A9AA-CE59FCAB37D5}
		{281EBC60-8053-42A0-B8CB-4AC3596B9703} = {99D9C7B6-6655-47F6-9F3B-D8F638F7F4E2}
		{F0FBEACD-EE2D-4EFD-BAFC-8257A31D310D} = {7F9C6807-15DB-47A8-A9AA-CE59FCAB37D5}
		{915BA698-6023-4801-A54F-64F847C5BDB5} = {F0FBEACD-EE2D-4EFD-BAFC-8257A31D310D}
		{795745EF-5842-4B97-B728-79A867D4F16B} = {7F9C6807-15DB-47A8-A9AA-CE59FCAB37D5}
		{87E51934-00CF-4F0F-B617-B5D965E9C421} = {795745EF-5842-4B97-B728-79A867D4F16B}
		{1C7C7A22-31ED-4651-9818-ECE7E3FB0C64} = {6E6EB074-3034-4BA4-83E7-F65D728BB208}
		{C60C53BE-AC3F-440B-BDC6-317F30E13BEA} = {1C7C7A22-31ED-4651-9818-ECE7E3FB0C64}
		{F19E6EC9-EB56-4872-BE93-ED06682BE4DF} = {036AEE51-E5BF-42B9-915D-502E479A2789}
	EndGlobalSection
	GlobalSection(ExtensibilityGlobals) = postSolution
		SolutionGuid = {4711873B-874F-42D7-B59B-B74589C200B9}
	EndGlobalSection
EndGlobal
